// !$*UTF8*$!
{
	archiveVersion = 1;
	classes = {
	};
	objectVersion = 50;
	objects = {

/* Begin PBXBuildFile section */
		4808DFFF255FF9A30034DF30 /* Doing_TimeApp.swift in Sources */ = {isa = PBXBuildFile; fileRef = 4808DFFE255FF9A30034DF30 /* Doing_TimeApp.swift */; };
		4808E001255FF9A30034DF30 /* ContentView.swift in Sources */ = {isa = PBXBuildFile; fileRef = 4808E000255FF9A30034DF30 /* ContentView.swift */; };
		4808E003255FF9A50034DF30 /* Assets.xcassets in Resources */ = {isa = PBXBuildFile; fileRef = 4808E002255FF9A50034DF30 /* Assets.xcassets */; };
		4808E006255FF9A50034DF30 /* Preview Assets.xcassets in Resources */ = {isa = PBXBuildFile; fileRef = 4808E005255FF9A50034DF30 /* Preview Assets.xcassets */; };
		4808E008255FF9A50034DF30 /* Persistence.swift in Sources */ = {isa = PBXBuildFile; fileRef = 4808E007255FF9A50034DF30 /* Persistence.swift */; };
		4808E00B255FF9A50034DF30 /* Doing_Time.xcdatamodeld in Sources */ = {isa = PBXBuildFile; fileRef = 4808E009255FF9A50034DF30 /* Doing_Time.xcdatamodeld */; };
		4808E016255FF9A50034DF30 /* Doing_TimeTests.swift in Sources */ = {isa = PBXBuildFile; fileRef = 4808E015255FF9A50034DF30 /* Doing_TimeTests.swift */; };
		4808E021255FF9A60034DF30 /* Doing_TimeUITests.swift in Sources */ = {isa = PBXBuildFile; fileRef = 4808E020255FF9A60034DF30 /* Doing_TimeUITests.swift */; };
/* End PBXBuildFile section */

/* Begin PBXContainerItemProxy section */
		4808E012255FF9A50034DF30 /* PBXContainerItemProxy */ = {
			isa = PBXContainerItemProxy;
			containerPortal = 4808DFF3255FF9A30034DF30 /* Project object */;
			proxyType = 1;
			remoteGlobalIDString = 4808DFFA255FF9A30034DF30;
			remoteInfo = "Doing Time";
		};
		4808E01D255FF9A60034DF30 /* PBXContainerItemProxy */ = {
			isa = PBXContainerItemProxy;
			containerPortal = 4808DFF3255FF9A30034DF30 /* Project object */;
			proxyType = 1;
			remoteGlobalIDString = 4808DFFA255FF9A30034DF30;
			remoteInfo = "Doing Time";
		};
/* End PBXContainerItemProxy section */

/* Begin PBXFileReference section */
		4808DFFB255FF9A30034DF30 /* Doing Time.app */ = {isa = PBXFileReference; explicitFileType = wrapper.application; includeInIndex = 0; path = "Doing Time.app"; sourceTree = BUILT_PRODUCTS_DIR; };
		4808DFFE255FF9A30034DF30 /* Doing_TimeApp.swift */ = {isa = PBXFileReference; lastKnownFileType = sourcecode.swift; path = Doing_TimeApp.swift; sourceTree = "<group>"; };
		4808E000255FF9A30034DF30 /* ContentView.swift */ = {isa = PBXFileReference; lastKnownFileType = sourcecode.swift; path = ContentView.swift; sourceTree = "<group>"; };
		4808E002255FF9A50034DF30 /* Assets.xcassets */ = {isa = PBXFileReference; lastKnownFileType = folder.assetcatalog; path = Assets.xcassets; sourceTree = "<group>"; };
		4808E005255FF9A50034DF30 /* Preview Assets.xcassets */ = {isa = PBXFileReference; lastKnownFileType = folder.assetcatalog; path = "Preview Assets.xcassets"; sourceTree = "<group>"; };
		4808E007255FF9A50034DF30 /* Persistence.swift */ = {isa = PBXFileReference; lastKnownFileType = sourcecode.swift; path = Persistence.swift; sourceTree = "<group>"; };
		4808E00A255FF9A50034DF30 /* Doing_Time.xcdatamodel */ = {isa = PBXFileReference; lastKnownFileType = wrapper.xcdatamodel; path = Doing_Time.xcdatamodel; sourceTree = "<group>"; };
		4808E00C255FF9A50034DF30 /* Info.plist */ = {isa = PBXFileReference; lastKnownFileType = text.plist.xml; path = Info.plist; sourceTree = "<group>"; };
		4808E011255FF9A50034DF30 /* Doing TimeTests.xctest */ = {isa = PBXFileReference; explicitFileType = wrapper.cfbundle; includeInIndex = 0; path = "Doing TimeTests.xctest"; sourceTree = BUILT_PRODUCTS_DIR; };
		4808E015255FF9A50034DF30 /* Doing_TimeTests.swift */ = {isa = PBXFileReference; lastKnownFileType = sourcecode.swift; path = Doing_TimeTests.swift; sourceTree = "<group>"; };
		4808E017255FF9A50034DF30 /* Info.plist */ = {isa = PBXFileReference; lastKnownFileType = text.plist.xml; path = Info.plist; sourceTree = "<group>"; };
		4808E01C255FF9A60034DF30 /* Doing TimeUITests.xctest */ = {isa = PBXFileReference; explicitFileType = wrapper.cfbundle; includeInIndex = 0; path = "Doing TimeUITests.xctest"; sourceTree = BUILT_PRODUCTS_DIR; };
		4808E020255FF9A60034DF30 /* Doing_TimeUITests.swift */ = {isa = PBXFileReference; lastKnownFileType = sourcecode.swift; path = Doing_TimeUITests.swift; sourceTree = "<group>"; };
		4808E022255FF9A60034DF30 /* Info.plist */ = {isa = PBXFileReference; lastKnownFileType = text.plist.xml; path = Info.plist; sourceTree = "<group>"; };
/* End PBXFileReference section */

/* Begin PBXFrameworksBuildPhase section */
		4808DFF8255FF9A30034DF30 /* Frameworks */ = {
			isa = PBXFrameworksBuildPhase;
			buildActionMask = 2147483647;
			files = (
			);
			runOnlyForDeploymentPostprocessing = 0;
		};
		4808E00E255FF9A50034DF30 /* Frameworks */ = {
			isa = PBXFrameworksBuildPhase;
			buildActionMask = 2147483647;
			files = (
			);
			runOnlyForDeploymentPostprocessing = 0;
		};
		4808E019255FF9A60034DF30 /* Frameworks */ = {
			isa = PBXFrameworksBuildPhase;
			buildActionMask = 2147483647;
			files = (
			);
			runOnlyForDeploymentPostprocessing = 0;
		};
/* End PBXFrameworksBuildPhase section */

/* Begin PBXGroup section */
		4808DFF2255FF9A30034DF30 = {
			isa = PBXGroup;
			children = (
				4808DFFD255FF9A30034DF30 /* Doing Time */,
				4808E014255FF9A50034DF30 /* Doing TimeTests */,
				4808E01F255FF9A60034DF30 /* Doing TimeUITests */,
				4808DFFC255FF9A30034DF30 /* Products */,
			);
			sourceTree = "<group>";
		};
		4808DFFC255FF9A30034DF30 /* Products */ = {
			isa = PBXGroup;
			children = (
				4808DFFB255FF9A30034DF30 /* Doing Time.app */,
				4808E011255FF9A50034DF30 /* Doing TimeTests.xctest */,
				4808E01C255FF9A60034DF30 /* Doing TimeUITests.xctest */,
			);
			name = Products;
			sourceTree = "<group>";
		};
		4808DFFD255FF9A30034DF30 /* Doing Time */ = {
			isa = PBXGroup;
			children = (
				4808DFFE255FF9A30034DF30 /* Doing_TimeApp.swift */,
				4808E000255FF9A30034DF30 /* ContentView.swift */,
				4808E002255FF9A50034DF30 /* Assets.xcassets */,
				4808E007255FF9A50034DF30 /* Persistence.swift */,
				4808E00C255FF9A50034DF30 /* Info.plist */,
				4808E009255FF9A50034DF30 /* Doing_Time.xcdatamodeld */,
				4808E004255FF9A50034DF30 /* Preview Content */,
			);
			path = "Doing Time";
			sourceTree = "<group>";
		};
		4808E004255FF9A50034DF30 /* Preview Content */ = {
			isa = PBXGroup;
			children = (
				4808E005255FF9A50034DF30 /* Preview Assets.xcassets */,
			);
			path = "Preview Content";
			sourceTree = "<group>";
		};
		4808E014255FF9A50034DF30 /* Doing TimeTests */ = {
			isa = PBXGroup;
			children = (
				4808E015255FF9A50034DF30 /* Doing_TimeTests.swift */,
				4808E017255FF9A50034DF30 /* Info.plist */,
			);
			path = "Doing TimeTests";
			sourceTree = "<group>";
		};
		4808E01F255FF9A60034DF30 /* Doing TimeUITests */ = {
			isa = PBXGroup;
			children = (
				4808E020255FF9A60034DF30 /* Doing_TimeUITests.swift */,
				4808E022255FF9A60034DF30 /* Info.plist */,
			);
			path = "Doing TimeUITests";
			sourceTree = "<group>";
		};
/* End PBXGroup section */

/* Begin PBXNativeTarget section */
		4808DFFA255FF9A30034DF30 /* Doing Time */ = {
			isa = PBXNativeTarget;
			buildConfigurationList = 4808E025255FF9A60034DF30 /* Build configuration list for PBXNativeTarget "Doing Time" */;
			buildPhases = (
				4808DFF7255FF9A30034DF30 /* Sources */,
				4808DFF8255FF9A30034DF30 /* Frameworks */,
				4808DFF9255FF9A30034DF30 /* Resources */,
			);
			buildRules = (
			);
			dependencies = (
			);
			name = "Doing Time";
			productName = "Doing Time";
			productReference = 4808DFFB255FF9A30034DF30 /* Doing Time.app */;
			productType = "com.apple.product-type.application";
		};
		4808E010255FF9A50034DF30 /* Doing TimeTests */ = {
			isa = PBXNativeTarget;
			buildConfigurationList = 4808E028255FF9A60034DF30 /* Build configuration list for PBXNativeTarget "Doing TimeTests" */;
			buildPhases = (
				4808E00D255FF9A50034DF30 /* Sources */,
				4808E00E255FF9A50034DF30 /* Frameworks */,
				4808E00F255FF9A50034DF30 /* Resources */,
			);
			buildRules = (
			);
			dependencies = (
				4808E013255FF9A50034DF30 /* PBXTargetDependency */,
			);
			name = "Doing TimeTests";
			productName = "Doing TimeTests";
			productReference = 4808E011255FF9A50034DF30 /* Doing TimeTests.xctest */;
			productType = "com.apple.product-type.bundle.unit-test";
		};
		4808E01B255FF9A60034DF30 /* Doing TimeUITests */ = {
			isa = PBXNativeTarget;
			buildConfigurationList = 4808E02B255FF9A60034DF30 /* Build configuration list for PBXNativeTarget "Doing TimeUITests" */;
			buildPhases = (
				4808E018255FF9A60034DF30 /* Sources */,
				4808E019255FF9A60034DF30 /* Frameworks */,
				4808E01A255FF9A60034DF30 /* Resources */,
			);
			buildRules = (
			);
			dependencies = (
				4808E01E255FF9A60034DF30 /* PBXTargetDependency */,
			);
			name = "Doing TimeUITests";
			productName = "Doing TimeUITests";
			productReference = 4808E01C255FF9A60034DF30 /* Doing TimeUITests.xctest */;
			productType = "com.apple.product-type.bundle.ui-testing";
		};
/* End PBXNativeTarget section */

/* Begin PBXProject section */
		4808DFF3255FF9A30034DF30 /* Project object */ = {
			isa = PBXProject;
			attributes = {
				LastSwiftUpdateCheck = 1220;
				LastUpgradeCheck = 1220;
				TargetAttributes = {
					4808DFFA255FF9A30034DF30 = {
						CreatedOnToolsVersion = 12.2;
					};
					4808E010255FF9A50034DF30 = {
						CreatedOnToolsVersion = 12.2;
						TestTargetID = 4808DFFA255FF9A30034DF30;
					};
					4808E01B255FF9A60034DF30 = {
						CreatedOnToolsVersion = 12.2;
						TestTargetID = 4808DFFA255FF9A30034DF30;
					};
				};
			};
			buildConfigurationList = 4808DFF6255FF9A30034DF30 /* Build configuration list for PBXProject "Doing Time" */;
			compatibilityVersion = "Xcode 9.3";
			developmentRegion = en;
			hasScannedForEncodings = 0;
			knownRegions = (
				en,
				Base,
			);
			mainGroup = 4808DFF2255FF9A30034DF30;
			productRefGroup = 4808DFFC255FF9A30034DF30 /* Products */;
			projectDirPath = "";
			projectRoot = "";
			targets = (
				4808DFFA255FF9A30034DF30 /* Doing Time */,
				4808E010255FF9A50034DF30 /* Doing TimeTests */,
				4808E01B255FF9A60034DF30 /* Doing TimeUITests */,
			);
		};
/* End PBXProject section */

/* Begin PBXResourcesBuildPhase section */
		4808DFF9255FF9A30034DF30 /* Resources */ = {
			isa = PBXResourcesBuildPhase;
			buildActionMask = 2147483647;
			files = (
				4808E006255FF9A50034DF30 /* Preview Assets.xcassets in Resources */,
				4808E003255FF9A50034DF30 /* Assets.xcassets in Resources */,
			);
			runOnlyForDeploymentPostprocessing = 0;
		};
		4808E00F255FF9A50034DF30 /* Resources */ = {
			isa = PBXResourcesBuildPhase;
			buildActionMask = 2147483647;
			files = (
			);
			runOnlyForDeploymentPostprocessing = 0;
		};
		4808E01A255FF9A60034DF30 /* Resources */ = {
			isa = PBXResourcesBuildPhase;
			buildActionMask = 2147483647;
			files = (
			);
			runOnlyForDeploymentPostprocessing = 0;
		};
/* End PBXResourcesBuildPhase section */

/* Begin PBXSourcesBuildPhase section */
		4808DFF7255FF9A30034DF30 /* Sources */ = {
			isa = PBXSourcesBuildPhase;
			buildActionMask = 2147483647;
			files = (
				4808E008255FF9A50034DF30 /* Persistence.swift in Sources */,
				4808E001255FF9A30034DF30 /* ContentView.swift in Sources */,
				4808E00B255FF9A50034DF30 /* Doing_Time.xcdatamodeld in Sources */,
				4808DFFF255FF9A30034DF30 /* Doing_TimeApp.swift in Sources */,
			);
			runOnlyForDeploymentPostprocessing = 0;
		};
		4808E00D255FF9A50034DF30 /* Sources */ = {
			isa = PBXSourcesBuildPhase;
			buildActionMask = 2147483647;
			files = (
				4808E016255FF9A50034DF30 /* Doing_TimeTests.swift in Sources */,
			);
			runOnlyForDeploymentPostprocessing = 0;
		};
		4808E018255FF9A60034DF30 /* Sources */ = {
			isa = PBXSourcesBuildPhase;
			buildActionMask = 2147483647;
			files = (
				4808E021255FF9A60034DF30 /* Doing_TimeUITests.swift in Sources */,
			);
			runOnlyForDeploymentPostprocessing = 0;
		};
/* End PBXSourcesBuildPhase section */

/* Begin PBXTargetDependency section */
		4808E013255FF9A50034DF30 /* PBXTargetDependency */ = {
			isa = PBXTargetDependency;
			target = 4808DFFA255FF9A30034DF30 /* Doing Time */;
			targetProxy = 4808E012255FF9A50034DF30 /* PBXContainerItemProxy */;
		};
		4808E01E255FF9A60034DF30 /* PBXTargetDependency */ = {
			isa = PBXTargetDependency;
			target = 4808DFFA255FF9A30034DF30 /* Doing Time */;
			targetProxy = 4808E01D255FF9A60034DF30 /* PBXContainerItemProxy */;
		};
/* End PBXTargetDependency section */

/* Begin XCBuildConfiguration section */
		4808E023255FF9A60034DF30 /* Debug */ = {
			isa = XCBuildConfiguration;
			buildSettings = {
				ALWAYS_SEARCH_USER_PATHS = NO;
				CLANG_ANALYZER_NONNULL = YES;
				CLANG_ANALYZER_NUMBER_OBJECT_CONVERSION = YES_AGGRESSIVE;
				CLANG_CXX_LANGUAGE_STANDARD = "gnu++14";
				CLANG_CXX_LIBRARY = "libc++";
				CLANG_ENABLE_MODULES = YES;
				CLANG_ENABLE_OBJC_ARC = YES;
				CLANG_ENABLE_OBJC_WEAK = YES;
				CLANG_WARN_BLOCK_CAPTURE_AUTORELEASING = YES;
				CLANG_WARN_BOOL_CONVERSION = YES;
				CLANG_WARN_COMMA = YES;
				CLANG_WARN_CONSTANT_CONVERSION = YES;
				CLANG_WARN_DEPRECATED_OBJC_IMPLEMENTATIONS = YES;
				CLANG_WARN_DIRECT_OBJC_ISA_USAGE = YES_ERROR;
				CLANG_WARN_DOCUMENTATION_COMMENTS = YES;
				CLANG_WARN_EMPTY_BODY = YES;
				CLANG_WARN_ENUM_CONVERSION = YES;
				CLANG_WARN_INFINITE_RECURSION = YES;
				CLANG_WARN_INT_CONVERSION = YES;
				CLANG_WARN_NON_LITERAL_NULL_CONVERSION = YES;
				CLANG_WARN_OBJC_IMPLICIT_RETAIN_SELF = YES;
				CLANG_WARN_OBJC_LITERAL_CONVERSION = YES;
				CLANG_WARN_OBJC_ROOT_CLASS = YES_ERROR;
				CLANG_WARN_QUOTED_INCLUDE_IN_FRAMEWORK_HEADER = YES;
				CLANG_WARN_RANGE_LOOP_ANALYSIS = YES;
				CLANG_WARN_STRICT_PROTOTYPES = YES;
				CLANG_WARN_SUSPICIOUS_MOVE = YES;
				CLANG_WARN_UNGUARDED_AVAILABILITY = YES_AGGRESSIVE;
				CLANG_WARN_UNREACHABLE_CODE = YES;
				CLANG_WARN__DUPLICATE_METHOD_MATCH = YES;
				COPY_PHASE_STRIP = NO;
				DEBUG_INFORMATION_FORMAT = dwarf;
				ENABLE_STRICT_OBJC_MSGSEND = YES;
				ENABLE_TESTABILITY = YES;
				GCC_C_LANGUAGE_STANDARD = gnu11;
				GCC_DYNAMIC_NO_PIC = NO;
				GCC_NO_COMMON_BLOCKS = YES;
				GCC_OPTIMIZATION_LEVEL = 0;
				GCC_PREPROCESSOR_DEFINITIONS = (
					"DEBUG=1",
					"$(inherited)",
				);
				GCC_WARN_64_TO_32_BIT_CONVERSION = YES;
				GCC_WARN_ABOUT_RETURN_TYPE = YES_ERROR;
				GCC_WARN_UNDECLARED_SELECTOR = YES;
				GCC_WARN_UNINITIALIZED_AUTOS = YES_AGGRESSIVE;
				GCC_WARN_UNUSED_FUNCTION = YES;
				GCC_WARN_UNUSED_VARIABLE = YES;
				IPHONEOS_DEPLOYMENT_TARGET = 14.2;
				MTL_ENABLE_DEBUG_INFO = INCLUDE_SOURCE;
				MTL_FAST_MATH = YES;
				ONLY_ACTIVE_ARCH = YES;
				SDKROOT = iphoneos;
				SWIFT_ACTIVE_COMPILATION_CONDITIONS = DEBUG;
				SWIFT_OPTIMIZATION_LEVEL = "-Onone";
			};
			name = Debug;
		};
		4808E024255FF9A60034DF30 /* Release */ = {
			isa = XCBuildConfiguration;
			buildSettings = {
				ALWAYS_SEARCH_USER_PATHS = NO;
				CLANG_ANALYZER_NONNULL = YES;
				CLANG_ANALYZER_NUMBER_OBJECT_CONVERSION = YES_AGGRESSIVE;
				CLANG_CXX_LANGUAGE_STANDARD = "gnu++14";
				CLANG_CXX_LIBRARY = "libc++";
				CLANG_ENABLE_MODULES = YES;
				CLANG_ENABLE_OBJC_ARC = YES;
				CLANG_ENABLE_OBJC_WEAK = YES;
				CLANG_WARN_BLOCK_CAPTURE_AUTORELEASING = YES;
				CLANG_WARN_BOOL_CONVERSION = YES;
				CLANG_WARN_COMMA = YES;
				CLANG_WARN_CONSTANT_CONVERSION = YES;
				CLANG_WARN_DEPRECATED_OBJC_IMPLEMENTATIONS = YES;
				CLANG_WARN_DIRECT_OBJC_ISA_USAGE = YES_ERROR;
				CLANG_WARN_DOCUMENTATION_COMMENTS = YES;
				CLANG_WARN_EMPTY_BODY = YES;
				CLANG_WARN_ENUM_CONVERSION = YES;
				CLANG_WARN_INFINITE_RECURSION = YES;
				CLANG_WARN_INT_CONVERSION = YES;
				CLANG_WARN_NON_LITERAL_NULL_CONVERSION = YES;
				CLANG_WARN_OBJC_IMPLICIT_RETAIN_SELF = YES;
				CLANG_WARN_OBJC_LITERAL_CONVERSION = YES;
				CLANG_WARN_OBJC_ROOT_CLASS = YES_ERROR;
				CLANG_WARN_QUOTED_INCLUDE_IN_FRAMEWORK_HEADER = YES;
				CLANG_WARN_RANGE_LOOP_ANALYSIS = YES;
				CLANG_WARN_STRICT_PROTOTYPES = YES;
				CLANG_WARN_SUSPICIOUS_MOVE = YES;
				CLANG_WARN_UNGUARDED_AVAILABILITY = YES_AGGRESSIVE;
				CLANG_WARN_UNREACHABLE_CODE = YES;
				CLANG_WARN__DUPLICATE_METHOD_MATCH = YES;
				COPY_PHASE_STRIP = NO;
				DEBUG_INFORMATION_FORMAT = "dwarf-with-dsym";
				ENABLE_NS_ASSERTIONS = NO;
				ENABLE_STRICT_OBJC_MSGSEND = YES;
				GCC_C_LANGUAGE_STANDARD = gnu11;
				GCC_NO_COMMON_BLOCKS = YES;
				GCC_WARN_64_TO_32_BIT_CONVERSION = YES;
				GCC_WARN_ABOUT_RETURN_TYPE = YES_ERROR;
				GCC_WARN_UNDECLARED_SELECTOR = YES;
				GCC_WARN_UNINITIALIZED_AUTOS = YES_AGGRESSIVE;
				GCC_WARN_UNUSED_FUNCTION = YES;
				GCC_WARN_UNUSED_VARIABLE = YES;
				IPHONEOS_DEPLOYMENT_TARGET = 14.2;
				MTL_ENABLE_DEBUG_INFO = NO;
				MTL_FAST_MATH = YES;
				SDKROOT = iphoneos;
				SWIFT_COMPILATION_MODE = wholemodule;
				SWIFT_OPTIMIZATION_LEVEL = "-O";
				VALIDATE_PRODUCT = YES;
			};
			name = Release;
		};
		4808E026255FF9A60034DF30 /* Debug */ = {
			isa = XCBuildConfiguration;
			buildSettings = {
				ASSETCATALOG_COMPILER_APPICON_NAME = AppIcon;
				ASSETCATALOG_COMPILER_GLOBAL_ACCENT_COLOR_NAME = AccentColor;
				CODE_SIGN_STYLE = Automatic;
				DEVELOPMENT_ASSET_PATHS = "\"Doing Time/Preview Content\"";
				DEVELOPMENT_TEAM = K2672N7845;
				ENABLE_PREVIEWS = YES;
				INFOPLIST_FILE = "Doing Time/Info.plist";
				IPHONEOS_DEPLOYMENT_TARGET = 14.2;
				LD_RUNPATH_SEARCH_PATHS = (
					"$(inherited)",
					"@executable_path/Frameworks",
				);
				MARKETING_VERSION = 3.0;
				PRODUCT_BUNDLE_IDENTIFIER = com.alexandriasoftware.doingtime;
				PRODUCT_NAME = "$(TARGET_NAME)";
				SWIFT_VERSION = 5.0;
				TARGETED_DEVICE_FAMILY = "1,2";
			};
			name = Debug;
		};
		4808E027255FF9A60034DF30 /* Release */ = {
			isa = XCBuildConfiguration;
			buildSettings = {
				ASSETCATALOG_COMPILER_APPICON_NAME = AppIcon;
				ASSETCATALOG_COMPILER_GLOBAL_ACCENT_COLOR_NAME = AccentColor;
				CODE_SIGN_STYLE = Automatic;
				DEVELOPMENT_ASSET_PATHS = "\"Doing Time/Preview Content\"";
				DEVELOPMENT_TEAM = K2672N7845;
				ENABLE_PREVIEWS = YES;
				INFOPLIST_FILE = "Doing Time/Info.plist";
				IPHONEOS_DEPLOYMENT_TARGET = 14.2;
				LD_RUNPATH_SEARCH_PATHS = (
					"$(inherited)",
					"@executable_path/Frameworks",
				);
				MARKETING_VERSION = 3.0;
				PRODUCT_BUNDLE_IDENTIFIER = com.alexandriasoftware.doingtime;
				PRODUCT_NAME = "$(TARGET_NAME)";
				SWIFT_VERSION = 5.0;
				TARGETED_DEVICE_FAMILY = "1,2";
			};
			name = Release;
		};
		4808E029255FF9A60034DF30 /* Debug */ = {
			isa = XCBuildConfiguration;
			buildSettings = {
				ALWAYS_EMBED_SWIFT_STANDARD_LIBRARIES = YES;
				BUNDLE_LOADER = "$(TEST_HOST)";
				CODE_SIGN_STYLE = Automatic;
				DEVELOPMENT_TEAM = K2672N7845;
				INFOPLIST_FILE = "Doing TimeTests/Info.plist";
				IPHONEOS_DEPLOYMENT_TARGET = 14.0;
				LD_RUNPATH_SEARCH_PATHS = (
					"$(inherited)",
					"@executable_path/Frameworks",
					"@loader_path/Frameworks",
				);
				PRODUCT_BUNDLE_IDENTIFIER = "com.alexandriasoftware.Doing-TimeTests";
				PRODUCT_NAME = "$(TARGET_NAME)";
				SWIFT_VERSION = 5.0;
				TARGETED_DEVICE_FAMILY = "1,2";
				TEST_HOST = "$(BUILT_PRODUCTS_DIR)/Doing Time.app/Doing Time";
			};
			name = Debug;
		};
		4808E02A255FF9A60034DF30 /* Release */ = {
			isa = XCBuildConfiguration;
			buildSettings = {
				ALWAYS_EMBED_SWIFT_STANDARD_LIBRARIES = YES;
				BUNDLE_LOADER = "$(TEST_HOST)";
				CODE_SIGN_STYLE = Automatic;
				DEVELOPMENT_TEAM = K2672N7845;
				INFOPLIST_FILE = "Doing TimeTests/Info.plist";
				IPHONEOS_DEPLOYMENT_TARGET = 14.0;
				LD_RUNPATH_SEARCH_PATHS = (
					"$(inherited)",
					"@executable_path/Frameworks",
					"@loader_path/Frameworks",
				);
				PRODUCT_BUNDLE_IDENTIFIER = "com.alexandriasoftware.Doing-TimeTests";
				PRODUCT_NAME = "$(TARGET_NAME)";
				SWIFT_VERSION = 5.0;
				TARGETED_DEVICE_FAMILY = "1,2";
				TEST_HOST = "$(BUILT_PRODUCTS_DIR)/Doing Time.app/Doing Time";
			};
			name = Release;
		};
		4808E02C255FF9A60034DF30 /* Debug */ = {
			isa = XCBuildConfiguration;
			buildSettings = {
				ALWAYS_EMBED_SWIFT_STANDARD_LIBRARIES = YES;
				CODE_SIGN_STYLE = Automatic;
				DEVELOPMENT_TEAM = K2672N7845;
				INFOPLIST_FILE = "Doing TimeUITests/Info.plist";
				LD_RUNPATH_SEARCH_PATHS = (
					"$(inherited)",
					"@executable_path/Frameworks",
					"@loader_path/Frameworks",
				);
				PRODUCT_BUNDLE_IDENTIFIER = "com.alexandriasoftware.Doing-TimeUITests";
				PRODUCT_NAME = "$(TARGET_NAME)";
				SWIFT_VERSION = 5.0;
				TARGETED_DEVICE_FAMILY = "1,2";
				TEST_TARGET_NAME = "Doing Time";
			};
			name = Debug;
		};
		4808E02D255FF9A60034DF30 /* Release */ = {
			isa = XCBuildConfiguration;
			buildSettings = {
				ALWAYS_EMBED_SWIFT_STANDARD_LIBRARIES = YES;
				CODE_SIGN_STYLE = Automatic;
				DEVELOPMENT_TEAM = K2672N7845;
				INFOPLIST_FILE = "Doing TimeUITests/Info.plist";
				LD_RUNPATH_SEARCH_PATHS = (
					"$(inherited)",
					"@executable_path/Frameworks",
					"@loader_path/Frameworks",
				);
				PRODUCT_BUNDLE_IDENTIFIER = "com.alexandriasoftware.Doing-TimeUITests";
				PRODUCT_NAME = "$(TARGET_NAME)";
				SWIFT_VERSION = 5.0;
				TARGETED_DEVICE_FAMILY = "1,2";
				TEST_TARGET_NAME = "Doing Time";
			};
			name = Release;
		};
/* End XCBuildConfiguration section */

/* Begin XCConfigurationList section */
		4808DFF6255FF9A30034DF30 /* Build configuration list for PBXProject "Doing Time" */ = {
			isa = XCConfigurationList;
			buildConfigurations = (
				4808E023255FF9A60034DF30 /* Debug */,
				4808E024255FF9A60034DF30 /* Release */,
			);
			defaultConfigurationIsVisible = 0;
			defaultConfigurationName = Release;
		};
		4808E025255FF9A60034DF30 /* Build configuration list for PBXNativeTarget "Doing Time" */ = {
			isa = XCConfigurationList;
			buildConfigurations = (
				4808E026255FF9A60034DF30 /* Debug */,
				4808E027255FF9A60034DF30 /* Release */,
			);
			defaultConfigurationIsVisible = 0;
			defaultConfigurationName = Release;
		};
		4808E028255FF9A60034DF30 /* Build configuration list for PBXNativeTarget "Doing TimeTests" */ = {
			isa = XCConfigurationList;
			buildConfigurations = (
				4808E029255FF9A60034DF30 /* Debug */,
				4808E02A255FF9A60034DF30 /* Release */,
			);
			defaultConfigurationIsVisible = 0;
			defaultConfigurationName = Release;
		};
		4808E02B255FF9A60034DF30 /* Build configuration list for PBXNativeTarget "Doing TimeUITests" */ = {
			isa = XCConfigurationList;
			buildConfigurations = (
				4808E02C255FF9A60034DF30 /* Debug */,
				4808E02D255FF9A60034DF30 /* Release */,
			);
			defaultConfigurationIsVisible = 0;
			defaultConfigurationName = Release;
		};
/* End XCConfigurationList section */

/* Begin XCVersionGroup section */
		4808E009255FF9A50034DF30 /* Doing_Time.xcdatamodeld */ = {
			isa = XCVersionGroup;
			children = (
				4808E00A255FF9A50034DF30 /* Doing_Time.xcdatamodel */,
			);
			currentVersion = 4808E00A255FF9A50034DF30 /* Doing_Time.xcdatamodel */;
			path = Doing_Time.xcdatamodeld;
			sourceTree = "<group>";
			versionGroupType = wrapper.xcdatamodel;
		};
/* End XCVersionGroup section */
	};
	rootObject = 4808DFF3255FF9A30034DF30 /* Project object */;
}
