// !$*UTF8*$!
{
	archiveVersion = 1;
	classes = {
	};
	objectVersion = 46;
	objects = {

/* Begin PBXBuildFile section */
		1D3623260D0F684500981E51 /* Doing_TimeAppDelegate.m in Sources */ = {isa = PBXBuildFile; fileRef = 1D3623250D0F684500981E51 /* Doing_TimeAppDelegate.m */; };
		1D60589B0D05DD56006BFB54 /* main.m in Sources */ = {isa = PBXBuildFile; fileRef = 29B97316FDCFA39411CA2CEA /* main.m */; };
		1D60589F0D05DD5A006BFB54 /* Foundation.framework in Frameworks */ = {isa = PBXBuildFile; fileRef = 1D30AB110D05D00D00671497 /* Foundation.framework */; };
		1DF5F4E00D08C38300B7A737 /* UIKit.framework in Frameworks */ = {isa = PBXBuildFile; fileRef = 1DF5F4DF0D08C38300B7A737 /* UIKit.framework */; };
		288765590DF743DE002DB57D /* CoreGraphics.framework in Frameworks */ = {isa = PBXBuildFile; fileRef = 288765580DF743DE002DB57D /* CoreGraphics.framework */; };
		289233AE0DB2D0DB0083E9F9 /* MainViewController.m in Sources */ = {isa = PBXBuildFile; fileRef = 289233A90DB2D0DB0083E9F9 /* MainViewController.m */; };
		289233B00DB2D0DB0083E9F9 /* FlipsideViewController.m in Sources */ = {isa = PBXBuildFile; fileRef = 289233AD0DB2D0DB0083E9F9 /* FlipsideViewController.m */; };
		48110EC212C9804C00948558 /* PieChartView.m in Sources */ = {isa = PBXBuildFile; fileRef = 48110EC112C9804C00948558 /* PieChartView.m */; };
		482811A0135C9EA8003704EC /* MessageUI.framework in Frameworks */ = {isa = PBXBuildFile; fileRef = 4828119F135C9EA8003704EC /* MessageUI.framework */; };
		4828129F135CA5C3003704EC /* AboutViewController.m in Sources */ = {isa = PBXBuildFile; fileRef = 4828129C135CA5C3003704EC /* AboutViewController.m */; };
		482812A5135CA6AC003704EC /* ASlogo1-64x192.png in Resources */ = {isa = PBXBuildFile; fileRef = 482812A4135CA6AC003704EC /* ASlogo1-64x192.png */; };
		48342DD21601E85700446664 /* Default-568h@2x.png in Resources */ = {isa = PBXBuildFile; fileRef = 48342DD11601E85700446664 /* Default-568h@2x.png */; };
		4859316E12D9C6D9003BD7D6 /* Icon-iPad.png in Resources */ = {isa = PBXBuildFile; fileRef = 4859316B12D9C6D9003BD7D6 /* Icon-iPad.png */; };
		4859316F12D9C6D9003BD7D6 /* Icon.png in Resources */ = {isa = PBXBuildFile; fileRef = 4859316C12D9C6D9003BD7D6 /* Icon.png */; };
		4859317012D9C6D9003BD7D6 /* Icon@2x.png in Resources */ = {isa = PBXBuildFile; fileRef = 4859316D12D9C6D9003BD7D6 /* Icon@2x.png */; };
		485BAB5113498E31005EE6BE /* AppStoreDelegate.m in Sources */ = {isa = PBXBuildFile; fileRef = 485BAB4F13498E31005EE6BE /* AppStoreDelegate.m */; };
		485BD59816B14BF500424CC8 /* TodaySettingsView.xib in Resources */ = {isa = PBXBuildFile; fileRef = 485BD59A16B14BF500424CC8 /* TodaySettingsView.xib */; };
		485BD59D16B14DC300424CC8 /* TodaySettingViewController.m in Sources */ = {isa = PBXBuildFile; fileRef = 485BD59C16B14DC300424CC8 /* TodaySettingViewController.m */; };
		487026B612D7CAE800E90108 /* iAd.framework in Frameworks */ = {isa = PBXBuildFile; fileRef = 487026B512D7CAE800E90108 /* iAd.framework */; };
		4870279D12D80B3000E90108 /* NSDate+Additions.m in Sources */ = {isa = PBXBuildFile; fileRef = 4870279B12D80B3000E90108 /* NSDate+Additions.m */; };
		487E29FF137D906B0004761D /* AboutView.xib in Resources */ = {isa = PBXBuildFile; fileRef = 487E29FE137D906B0004761D /* AboutView.xib */; };
		48924A1B131D67DA002AC7F5 /* EventSettingsViewController.m in Sources */ = {isa = PBXBuildFile; fileRef = 48924A18131D67DA002AC7F5 /* EventSettingsViewController.m */; };
		489E2891130782DB00E40ACA /* StoreKit.framework in Frameworks */ = {isa = PBXBuildFile; fileRef = 489E2890130782DB00E40ACA /* StoreKit.framework */; };
		489F72B315F2BCD200B5D0E7 /* ASlogo1-64x192@2x.png in Resources */ = {isa = PBXBuildFile; fileRef = 489F72B215F2BCD200B5D0E7 /* ASlogo1-64x192@2x.png */; };
		489F72B515F2C28500B5D0E7 /* Default@2x.png in Resources */ = {isa = PBXBuildFile; fileRef = 489F72B415F2C28500B5D0E7 /* Default@2x.png */; };
		48ADE0C41343B51E005E96EB /* Constants.m in Sources */ = {isa = PBXBuildFile; fileRef = 48ADE0C31343B51E005E96EB /* Constants.m */; };
		48AEFA91153C31890064ED0D /* TFLoggingManager.m in Sources */ = {isa = PBXBuildFile; fileRef = 48AEFA90153C31890064ED0D /* TFLoggingManager.m */; };
		48B38236134BA44A009B874B /* Default.png in Resources */ = {isa = PBXBuildFile; fileRef = 48B38235134BA44A009B874B /* Default.png */; };
		48CE82B41350CAC600D94BA6 /* EventView.xib in Resources */ = {isa = PBXBuildFile; fileRef = 48CE82B31350CAC600D94BA6 /* EventView.xib */; };
		48CE82B61350CAC600D94BA6 /* MainWindow.xib in Resources */ = {isa = PBXBuildFile; fileRef = 48CE82B51350CAC600D94BA6 /* MainWindow.xib */; };
		48CE82BC1350CAC700D94BA6 /* EventSettingsView.xib in Resources */ = {isa = PBXBuildFile; fileRef = 48CE82BB1350CAC700D94BA6 /* EventSettingsView.xib */; };
		48CE82BE1350CAC700D94BA6 /* FlipsideView.xib in Resources */ = {isa = PBXBuildFile; fileRef = 48CE82BD1350CAC700D94BA6 /* FlipsideView.xib */; };
		48CE82C01350CAC700D94BA6 /* MainView.xib in Resources */ = {isa = PBXBuildFile; fileRef = 48CE82BF1350CAC700D94BA6 /* MainView.xib */; };
		48CE82E81350D37B00D94BA6 /* Localizable.strings in Resources */ = {isa = PBXBuildFile; fileRef = 48CE82E71350D37B00D94BA6 /* Localizable.strings */; };
		48D2F2F41537A194006FA78B /* libTestFlight.a in Frameworks */ = {isa = PBXBuildFile; fileRef = 48D2F2F01537A194006FA78B /* libTestFlight.a */; };
		48D8CFEF151DFC360017B6CB /* Icon-iPad@2x.png in Resources */ = {isa = PBXBuildFile; fileRef = 48D8CFEE151DFC360017B6CB /* Icon-iPad@2x.png */; };
		48E61CDF131E9E210077DA8E /* EventViewController.m in Sources */ = {isa = PBXBuildFile; fileRef = 48E61CDC131E9E210077DA8E /* EventViewController.m */; };
		48EF13721382ED2400FF37C2 /* SystemConfiguration.framework in Frameworks */ = {isa = PBXBuildFile; fileRef = 48EF13711382ED2400FF37C2 /* SystemConfiguration.framework */; };
		48F02F2D1506D6E200E20A3F /* libz.dylib in Frameworks */ = {isa = PBXBuildFile; fileRef = 48F02F2C1506D6E200E20A3F /* libz.dylib */; };
/* End PBXBuildFile section */

/* Begin PBXFileReference section */
		1D30AB110D05D00D00671497 /* Foundation.framework */ = {isa = PBXFileReference; lastKnownFileType = wrapper.framework; name = Foundation.framework; path = System/Library/Frameworks/Foundation.framework; sourceTree = SDKROOT; };
		1D3623240D0F684500981E51 /* Doing_TimeAppDelegate.h */ = {isa = PBXFileReference; fileEncoding = 4; lastKnownFileType = sourcecode.c.h; path = Doing_TimeAppDelegate.h; sourceTree = "<group>"; };
		1D3623250D0F684500981E51 /* Doing_TimeAppDelegate.m */ = {isa = PBXFileReference; fileEncoding = 4; lastKnownFileType = sourcecode.c.objc; path = Doing_TimeAppDelegate.m; sourceTree = "<group>"; };
		1D6058910D05DD3D006BFB54 /* Doing Time.app */ = {isa = PBXFileReference; explicitFileType = wrapper.application; includeInIndex = 0; path = "Doing Time.app"; sourceTree = BUILT_PRODUCTS_DIR; };
		1DF5F4DF0D08C38300B7A737 /* UIKit.framework */ = {isa = PBXFileReference; lastKnownFileType = wrapper.framework; name = UIKit.framework; path = System/Library/Frameworks/UIKit.framework; sourceTree = SDKROOT; };
		280E754A0DD40C5E005A515E /* English */ = {isa = PBXFileReference; lastKnownFileType = file.xib; name = English; path = en.lproj/FlipsideView.xib; sourceTree = "<group>"; };
		280E754B0DD40C5E005A515E /* English */ = {isa = PBXFileReference; lastKnownFileType = file.xib; name = English; path = en.lproj/MainView.xib; sourceTree = "<group>"; };
		280E754C0DD40C5E005A515E /* English */ = {isa = PBXFileReference; lastKnownFileType = file.xib; name = English; path = en.lproj/MainWindow.xib; sourceTree = "<group>"; };
		288765580DF743DE002DB57D /* CoreGraphics.framework */ = {isa = PBXFileReference; lastKnownFileType = wrapper.framework; name = CoreGraphics.framework; path = System/Library/Frameworks/CoreGraphics.framework; sourceTree = SDKROOT; };
		289233A80DB2D0DB0083E9F9 /* MainViewController.h */ = {isa = PBXFileReference; fileEncoding = 4; lastKnownFileType = sourcecode.c.h; name = MainViewController.h; path = Classes/MainViewController.h; sourceTree = "<group>"; };
		289233A90DB2D0DB0083E9F9 /* MainViewController.m */ = {isa = PBXFileReference; fileEncoding = 4; lastKnownFileType = sourcecode.c.objc; name = MainViewController.m; path = Classes/MainViewController.m; sourceTree = "<group>"; };
		289233AC0DB2D0DB0083E9F9 /* FlipsideViewController.h */ = {isa = PBXFileReference; fileEncoding = 4; lastKnownFileType = sourcecode.c.h; name = FlipsideViewController.h; path = Classes/FlipsideViewController.h; sourceTree = "<group>"; };
		289233AD0DB2D0DB0083E9F9 /* FlipsideViewController.m */ = {isa = PBXFileReference; fileEncoding = 4; lastKnownFileType = sourcecode.c.objc; name = FlipsideViewController.m; path = Classes/FlipsideViewController.m; sourceTree = "<group>"; };
		29B97316FDCFA39411CA2CEA /* main.m */ = {isa = PBXFileReference; fileEncoding = 4; lastKnownFileType = sourcecode.c.objc; path = main.m; sourceTree = "<group>"; };
		32CA4F630368D1EE00C91783 /* Doing_Time_Prefix.pch */ = {isa = PBXFileReference; fileEncoding = 4; lastKnownFileType = sourcecode.c.h; path = Doing_Time_Prefix.pch; sourceTree = "<group>"; };
		48110EC112C9804C00948558 /* PieChartView.m */ = {isa = PBXFileReference; fileEncoding = 4; lastKnownFileType = sourcecode.c.objc; name = PieChartView.m; path = Classes/PieChartView.m; sourceTree = "<group>"; };
		4828119F135C9EA8003704EC /* MessageUI.framework */ = {isa = PBXFileReference; lastKnownFileType = wrapper.framework; name = MessageUI.framework; path = System/Library/Frameworks/MessageUI.framework; sourceTree = SDKROOT; };
		4828129B135CA5C3003704EC /* AboutViewController.h */ = {isa = PBXFileReference; fileEncoding = 4; lastKnownFileType = sourcecode.objj.h; name = AboutViewController.h; path = Classes/AboutViewController.h; sourceTree = "<group>"; };
		4828129C135CA5C3003704EC /* AboutViewController.m */ = {isa = PBXFileReference; fileEncoding = 4; lastKnownFileType = sourcecode.c.objc; name = AboutViewController.m; path = Classes/AboutViewController.m; sourceTree = "<group>"; };
		4828129D135CA5C3003704EC /* AboutView.xib */ = {isa = PBXFileReference; lastKnownFileType = file.xib; name = AboutView.xib; path = en.lproj/AboutView.xib; sourceTree = "<group>"; };
		482812A4135CA6AC003704EC /* ASlogo1-64x192.png */ = {isa = PBXFileReference; lastKnownFileType = image.png; path = "ASlogo1-64x192.png"; sourceTree = "<group>"; };
		48342DD11601E85700446664 /* Default-568h@2x.png */ = {isa = PBXFileReference; lastKnownFileType = image.png; path = "Default-568h@2x.png"; sourceTree = "<group>"; };
		4838E59812D0984B007AC0D8 /* PieChartView.h */ = {isa = PBXFileReference; fileEncoding = 4; lastKnownFileType = sourcecode.objj.h; name = PieChartView.h; path = Classes/PieChartView.h; sourceTree = "<group>"; };
		4859316B12D9C6D9003BD7D6 /* Icon-iPad.png */ = {isa = PBXFileReference; lastKnownFileType = image.png; path = "Icon-iPad.png"; sourceTree = "<group>"; };
		4859316C12D9C6D9003BD7D6 /* Icon.png */ = {isa = PBXFileReference; lastKnownFileType = image.png; path = Icon.png; sourceTree = "<group>"; };
		4859316D12D9C6D9003BD7D6 /* Icon@2x.png */ = {isa = PBXFileReference; lastKnownFileType = image.png; path = "Icon@2x.png"; sourceTree = "<group>"; };
		485BAB4E13498E31005EE6BE /* AppStoreDelegate.h */ = {isa = PBXFileReference; fileEncoding = 4; lastKnownFileType = sourcecode.objj.h; path = AppStoreDelegate.h; sourceTree = "<group>"; };
		485BAB4F13498E31005EE6BE /* AppStoreDelegate.m */ = {isa = PBXFileReference; fileEncoding = 4; lastKnownFileType = sourcecode.c.objc; path = AppStoreDelegate.m; sourceTree = "<group>"; };
		485BD59916B14BF500424CC8 /* en */ = {isa = PBXFileReference; lastKnownFileType = file.xib; name = en; path = en.lproj/TodaySettingsView.xib; sourceTree = "<group>"; };
		485BD59B16B14DC300424CC8 /* TodaySettingViewController.h */ = {isa = PBXFileReference; fileEncoding = 4; lastKnownFileType = sourcecode.c.h; name = TodaySettingViewController.h; path = Classes/TodaySettingViewController.h; sourceTree = "<group>"; };
		485BD59C16B14DC300424CC8 /* TodaySettingViewController.m */ = {isa = PBXFileReference; fileEncoding = 4; lastKnownFileType = sourcecode.c.objc; name = TodaySettingViewController.m; path = Classes/TodaySettingViewController.m; sourceTree = "<group>"; };
		487026B512D7CAE800E90108 /* iAd.framework */ = {isa = PBXFileReference; lastKnownFileType = wrapper.framework; name = iAd.framework; path = System/Library/Frameworks/iAd.framework; sourceTree = SDKROOT; };
		4870279A12D80B3000E90108 /* NSDate+Additions.h */ = {isa = PBXFileReference; fileEncoding = 4; lastKnownFileType = sourcecode.objj.h; name = "NSDate+Additions.h"; path = "Classes/NSDate+Additions.h"; sourceTree = "<group>"; };
		4870279B12D80B3000E90108 /* NSDate+Additions.m */ = {isa = PBXFileReference; fileEncoding = 4; lastKnownFileType = sourcecode.c.objc; name = "NSDate+Additions.m"; path = "Classes/NSDate+Additions.m"; sourceTree = "<group>"; };
		48924A17131D67DA002AC7F5 /* EventSettingsViewController.h */ = {isa = PBXFileReference; fileEncoding = 4; lastKnownFileType = sourcecode.objj.h; name = EventSettingsViewController.h; path = Classes/EventSettingsViewController.h; sourceTree = "<group>"; };
		48924A18131D67DA002AC7F5 /* EventSettingsViewController.m */ = {isa = PBXFileReference; fileEncoding = 4; lastKnownFileType = sourcecode.c.objc; name = EventSettingsViewController.m; path = Classes/EventSettingsViewController.m; sourceTree = "<group>"; };
		48924A19131D67DA002AC7F5 /* English */ = {isa = PBXFileReference; lastKnownFileType = file.xib; name = English; path = en.lproj/EventSettingsView.xib; sourceTree = "<group>"; };
		489E2890130782DB00E40ACA /* StoreKit.framework */ = {isa = PBXFileReference; lastKnownFileType = wrapper.framework; name = StoreKit.framework; path = System/Library/Frameworks/StoreKit.framework; sourceTree = SDKROOT; };
		489F72B015F2B7EC00B5D0E7 /* Icon.acorn */ = {isa = PBXFileReference; lastKnownFileType = file; path = Icon.acorn; sourceTree = "<group>"; };
		489F72B215F2BCD200B5D0E7 /* ASlogo1-64x192@2x.png */ = {isa = PBXFileReference; lastKnownFileType = image.png; path = "ASlogo1-64x192@2x.png"; sourceTree = "<group>"; };
		489F72B415F2C28500B5D0E7 /* Default@2x.png */ = {isa = PBXFileReference; lastKnownFileType = image.png; path = "Default@2x.png"; sourceTree = "<group>"; };
		48ADE0C31343B51E005E96EB /* Constants.m */ = {isa = PBXFileReference; fileEncoding = 4; lastKnownFileType = sourcecode.c.objc; path = Constants.m; sourceTree = "<group>"; };
		48AEFA8F153C31890064ED0D /* TFLoggingManager.h */ = {isa = PBXFileReference; fileEncoding = 4; lastKnownFileType = sourcecode.c.h; name = TFLoggingManager.h; path = Classes/TFLoggingManager.h; sourceTree = "<group>"; };
		48AEFA90153C31890064ED0D /* TFLoggingManager.m */ = {isa = PBXFileReference; fileEncoding = 4; lastKnownFileType = sourcecode.c.objc; name = TFLoggingManager.m; path = Classes/TFLoggingManager.m; sourceTree = "<group>"; };
		48B38235134BA44A009B874B /* Default.png */ = {isa = PBXFileReference; explicitFileType = image.png; path = Default.png; sourceTree = "<group>"; };
		48CE82C11350CB7E00D94BA6 /* Localizable.strings */ = {isa = PBXFileReference; fileEncoding = 10; lastKnownFileType = text.plist.strings; name = Localizable.strings; path = en.lproj/Localizable.strings; sourceTree = "<group>"; };
		48D2F2F01537A194006FA78B /* libTestFlight.a */ = {isa = PBXFileReference; lastKnownFileType = archive.ar; path = libTestFlight.a; sourceTree = "<group>"; };
		48D2F2F11537A194006FA78B /* README.md */ = {isa = PBXFileReference; fileEncoding = 4; lastKnownFileType = text; path = README.md; sourceTree = "<group>"; };
		48D2F2F21537A194006FA78B /* release_notes.md */ = {isa = PBXFileReference; fileEncoding = 4; lastKnownFileType = text; path = release_notes.md; sourceTree = "<group>"; };
		48D2F2F31537A194006FA78B /* TestFlight.h */ = {isa = PBXFileReference; fileEncoding = 4; lastKnownFileType = sourcecode.c.h; path = TestFlight.h; sourceTree = "<group>"; };
		48D477681322B647003256D5 /* Constants.h */ = {isa = PBXFileReference; fileEncoding = 4; lastKnownFileType = sourcecode.objj.h; path = Constants.h; sourceTree = "<group>"; };
		48D8CFEE151DFC360017B6CB /* Icon-iPad@2x.png */ = {isa = PBXFileReference; lastKnownFileType = image.png; path = "Icon-iPad@2x.png"; sourceTree = "<group>"; };
		48E61CDB131E9E210077DA8E /* EventViewController.h */ = {isa = PBXFileReference; fileEncoding = 4; lastKnownFileType = sourcecode.objj.h; name = EventViewController.h; path = Classes/EventViewController.h; sourceTree = "<group>"; };
		48E61CDC131E9E210077DA8E /* EventViewController.m */ = {isa = PBXFileReference; fileEncoding = 4; lastKnownFileType = sourcecode.c.objc; name = EventViewController.m; path = Classes/EventViewController.m; sourceTree = "<group>"; };
		48E61CDD131E9E210077DA8E /* English */ = {isa = PBXFileReference; lastKnownFileType = file.xib; name = English; path = en.lproj/EventView.xib; sourceTree = "<group>"; };
		48EF13711382ED2400FF37C2 /* SystemConfiguration.framework */ = {isa = PBXFileReference; lastKnownFileType = wrapper.framework; name = SystemConfiguration.framework; path = System/Library/Frameworks/SystemConfiguration.framework; sourceTree = SDKROOT; };
		48F02F2C1506D6E200E20A3F /* libz.dylib */ = {isa = PBXFileReference; lastKnownFileType = "compiled.mach-o.dylib"; name = libz.dylib; path = usr/lib/libz.dylib; sourceTree = SDKROOT; };
		8D1107310486CEB800E47090 /* Doing_Time-Info.plist */ = {isa = PBXFileReference; fileEncoding = 4; lastKnownFileType = text.plist.xml; path = "Doing_Time-Info.plist"; plistStructureDefinitionIdentifier = "com.apple.xcode.plist.structure-definition.iphone.info-plist"; sourceTree = "<group>"; };
/* End PBXFileReference section */

/* Begin PBXFrameworksBuildPhase section */
		1D60588F0D05DD3D006BFB54 /* Frameworks */ = {
			isa = PBXFrameworksBuildPhase;
			buildActionMask = 2147483647;
			files = (
				48D2F2F41537A194006FA78B /* libTestFlight.a in Frameworks */,
				48F02F2D1506D6E200E20A3F /* libz.dylib in Frameworks */,
				1D60589F0D05DD5A006BFB54 /* Foundation.framework in Frameworks */,
				1DF5F4E00D08C38300B7A737 /* UIKit.framework in Frameworks */,
				288765590DF743DE002DB57D /* CoreGraphics.framework in Frameworks */,
				487026B612D7CAE800E90108 /* iAd.framework in Frameworks */,
				489E2891130782DB00E40ACA /* StoreKit.framework in Frameworks */,
				482811A0135C9EA8003704EC /* MessageUI.framework in Frameworks */,
				48EF13721382ED2400FF37C2 /* SystemConfiguration.framework in Frameworks */,
			);
			runOnlyForDeploymentPostprocessing = 0;
		};
/* End PBXFrameworksBuildPhase section */

/* Begin PBXGroup section */
		080E96DDFE201D6D7F000001 /* Application Delegate */ = {
			isa = PBXGroup;
			children = (
				1D3623240D0F684500981E51 /* Doing_TimeAppDelegate.h */,
				1D3623250D0F684500981E51 /* Doing_TimeAppDelegate.m */,
			);
			name = "Application Delegate";
			path = Classes;
			sourceTree = "<group>";
		};
		19C28FACFE9D520D11CA2CBB /* Products */ = {
			isa = PBXGroup;
			children = (
				1D6058910D05DD3D006BFB54 /* Doing Time.app */,
			);
			name = Products;
			sourceTree = "<group>";
		};
		281C6CD70DB2D82200F60ACC /* Settings Views */ = {
			isa = PBXGroup;
			children = (
				4828129B135CA5C3003704EC /* AboutViewController.h */,
				4828129C135CA5C3003704EC /* AboutViewController.m */,
				48924A17131D67DA002AC7F5 /* EventSettingsViewController.h */,
				48924A18131D67DA002AC7F5 /* EventSettingsViewController.m */,
				289233AC0DB2D0DB0083E9F9 /* FlipsideViewController.h */,
				289233AD0DB2D0DB0083E9F9 /* FlipsideViewController.m */,
				485BD59B16B14DC300424CC8 /* TodaySettingViewController.h */,
				485BD59C16B14DC300424CC8 /* TodaySettingViewController.m */,
			);
			name = "Settings Views";
			sourceTree = "<group>";
		};
		289233A00DB2D0730083E9F9 /* Main View */ = {
			isa = PBXGroup;
			children = (
				48E61CDB131E9E210077DA8E /* EventViewController.h */,
				48E61CDC131E9E210077DA8E /* EventViewController.m */,
				289233A80DB2D0DB0083E9F9 /* MainViewController.h */,
				289233A90DB2D0DB0083E9F9 /* MainViewController.m */,
				4838E59812D0984B007AC0D8 /* PieChartView.h */,
				48110EC112C9804C00948558 /* PieChartView.m */,
			);
			name = "Main View";
			sourceTree = "<group>";
		};
		29B97314FDCFA39411CA2CEA /* CustomTemplate */ = {
			isa = PBXGroup;
			children = (
				289233A00DB2D0730083E9F9 /* Main View */,
				281C6CD70DB2D82200F60ACC /* Settings Views */,
				485BAB4B13498E02005EE6BE /* Supporting Classes */,
				080E96DDFE201D6D7F000001 /* Application Delegate */,
				29B97315FDCFA39411CA2CEA /* Other Sources */,
				29B97317FDCFA39411CA2CEA /* Resources */,
				29B97323FDCFA39411CA2CEA /* Frameworks */,
				19C28FACFE9D520D11CA2CBB /* Products */,
			);
			name = CustomTemplate;
			sourceTree = "<group>";
		};
		29B97315FDCFA39411CA2CEA /* Other Sources */ = {
			isa = PBXGroup;
			children = (
				4870279A12D80B3000E90108 /* NSDate+Additions.h */,
				4870279B12D80B3000E90108 /* NSDate+Additions.m */,
				32CA4F630368D1EE00C91783 /* Doing_Time_Prefix.pch */,
				29B97316FDCFA39411CA2CEA /* main.m */,
				48D477681322B647003256D5 /* Constants.h */,
				48ADE0C31343B51E005E96EB /* Constants.m */,
			);
			name = "Other Sources";
			sourceTree = "<group>";
		};
		29B97317FDCFA39411CA2CEA /* Resources */ = {
			isa = PBXGroup;
			children = (
				482812A4135CA6AC003704EC /* ASlogo1-64x192.png */,
				489F72B215F2BCD200B5D0E7 /* ASlogo1-64x192@2x.png */,
				487E29FE137D906B0004761D /* AboutView.xib */,
				48B38235134BA44A009B874B /* Default.png */,
				489F72B415F2C28500B5D0E7 /* Default@2x.png */,
				48342DD11601E85700446664 /* Default-568h@2x.png */,
				48CE82BB1350CAC700D94BA6 /* EventSettingsView.xib */,
				485BD59A16B14BF500424CC8 /* TodaySettingsView.xib */,
				4859316B12D9C6D9003BD7D6 /* Icon-iPad.png */,
				48CE82B31350CAC600D94BA6 /* EventView.xib */,
				48CE82BD1350CAC700D94BA6 /* FlipsideView.xib */,
				48CE82BF1350CAC700D94BA6 /* MainView.xib */,
				48CE82B51350CAC600D94BA6 /* MainWindow.xib */,
				8D1107310486CEB800E47090 /* Doing_Time-Info.plist */,
				489F72B015F2B7EC00B5D0E7 /* Icon.acorn */,
				48D8CFEE151DFC360017B6CB /* Icon-iPad@2x.png */,
				4859316C12D9C6D9003BD7D6 /* Icon.png */,
				4859316D12D9C6D9003BD7D6 /* Icon@2x.png */,
				48CE82E71350D37B00D94BA6 /* Localizable.strings */,
			);
			name = Resources;
			sourceTree = "<group>";
		};
		29B97323FDCFA39411CA2CEA /* Frameworks */ = {
			isa = PBXGroup;
			children = (
				288765580DF743DE002DB57D /* CoreGraphics.framework */,
				1D30AB110D05D00D00671497 /* Foundation.framework */,
				487026B512D7CAE800E90108 /* iAd.framework */,
				4828119F135C9EA8003704EC /* MessageUI.framework */,
				489E2890130782DB00E40ACA /* StoreKit.framework */,
				1DF5F4DF0D08C38300B7A737 /* UIKit.framework */,
				48D2F2EF1537A194006FA78B /* TestFlightSDK */,
				48EF13711382ED2400FF37C2 /* SystemConfiguration.framework */,
				48F02F2C1506D6E200E20A3F /* libz.dylib */,
			);
			name = Frameworks;
			sourceTree = "<group>";
		};
		485BAB4B13498E02005EE6BE /* Supporting Classes */ = {
			isa = PBXGroup;
			children = (
				485BAB4E13498E31005EE6BE /* AppStoreDelegate.h */,
				485BAB4F13498E31005EE6BE /* AppStoreDelegate.m */,
				48AEFA8F153C31890064ED0D /* TFLoggingManager.h */,
				48AEFA90153C31890064ED0D /* TFLoggingManager.m */,
			);
			name = "Supporting Classes";
			sourceTree = "<group>";
		};
		48D2F2EF1537A194006FA78B /* TestFlightSDK */ = {
			isa = PBXGroup;
			children = (
				48D2F2F01537A194006FA78B /* libTestFlight.a */,
				48D2F2F11537A194006FA78B /* README.md */,
				48D2F2F21537A194006FA78B /* release_notes.md */,
				48D2F2F31537A194006FA78B /* TestFlight.h */,
			);
			path = TestFlightSDK;
			sourceTree = "<group>";
		};
/* End PBXGroup section */

/* Begin PBXNativeTarget section */
		1D6058900D05DD3D006BFB54 /* Doing Time */ = {
			isa = PBXNativeTarget;
			buildConfigurationList = 1D6058960D05DD3E006BFB54 /* Build configuration list for PBXNativeTarget "Doing Time" */;
			buildPhases = (
				48785A6914B229AC008186A7 /* ShellScript */,
				1D60588D0D05DD3D006BFB54 /* Resources */,
				1D60588E0D05DD3D006BFB54 /* Sources */,
				1D60588F0D05DD3D006BFB54 /* Frameworks */,
			);
			buildRules = (
			);
			dependencies = (
			);
			name = "Doing Time";
			productName = "Doing Time";
			productReference = 1D6058910D05DD3D006BFB54 /* Doing Time.app */;
			productType = "com.apple.product-type.application";
		};
/* End PBXNativeTarget section */

/* Begin PBXProject section */
		29B97313FDCFA39411CA2CEA /* Project object */ = {
			isa = PBXProject;
			attributes = {
				LastUpgradeCheck = 0440;
			};
			buildConfigurationList = C01FCF4E08A954540054247B /* Build configuration list for PBXProject "Doing Time" */;
			compatibilityVersion = "Xcode 3.2";
			developmentRegion = English;
			hasScannedForEncodings = 1;
			knownRegions = (
				English,
				Japanese,
				French,
				German,
				en,
			);
			mainGroup = 29B97314FDCFA39411CA2CEA /* CustomTemplate */;
			projectDirPath = "";
			projectRoot = "";
			targets = (
				1D6058900D05DD3D006BFB54 /* Doing Time */,
			);
		};
/* End PBXProject section */

/* Begin PBXResourcesBuildPhase section */
		1D60588D0D05DD3D006BFB54 /* Resources */ = {
			isa = PBXResourcesBuildPhase;
			buildActionMask = 2147483647;
			files = (
				48CE82BE1350CAC700D94BA6 /* FlipsideView.xib in Resources */,
				48CE82C01350CAC700D94BA6 /* MainView.xib in Resources */,
				48CE82B61350CAC600D94BA6 /* MainWindow.xib in Resources */,
				4859316E12D9C6D9003BD7D6 /* Icon-iPad.png in Resources */,
				4859316F12D9C6D9003BD7D6 /* Icon.png in Resources */,
				4859317012D9C6D9003BD7D6 /* Icon@2x.png in Resources */,
				48CE82BC1350CAC700D94BA6 /* EventSettingsView.xib in Resources */,
				48CE82B41350CAC600D94BA6 /* EventView.xib in Resources */,
				48B38236134BA44A009B874B /* Default.png in Resources */,
				48CE82E81350D37B00D94BA6 /* Localizable.strings in Resources */,
				487E29FF137D906B0004761D /* AboutView.xib in Resources */,
				482812A5135CA6AC003704EC /* ASlogo1-64x192.png in Resources */,
				48D8CFEF151DFC360017B6CB /* Icon-iPad@2x.png in Resources */,
				489F72B315F2BCD200B5D0E7 /* ASlogo1-64x192@2x.png in Resources */,
				489F72B515F2C28500B5D0E7 /* Default@2x.png in Resources */,
				48342DD21601E85700446664 /* Default-568h@2x.png in Resources */,
				485BD59816B14BF500424CC8 /* TodaySettingsView.xib in Resources */,
			);
			runOnlyForDeploymentPostprocessing = 0;
		};
/* End PBXResourcesBuildPhase section */

/* Begin PBXShellScriptBuildPhase section */
		48785A6914B229AC008186A7 /* ShellScript */ = {
			isa = PBXShellScriptBuildPhase;
			buildActionMask = 2147483647;
			files = (
			);
			inputPaths = (
			);
			outputPaths = (
			);
			runOnlyForDeploymentPostprocessing = 0;
			shellPath = /usr/bin/ruby;
			shellScript = "#!/usr/bin/ruby\n\ndef get_file_as_string(filename)\ndata = ''\nf = File.open(filename, \"r\") \nf.each_line do |line|\ndata += line\nend\nreturn data\nend\n\n\ndef handle_alpha_beta(old_value, letter, infoplist, start_of_value, end_of_value)\nparts = old_value.split(letter)\nversion_num = parts[0]\nalpha_num = parts[1].to_i\n\nalpha_num = alpha_num + 1\nnew_version = version_num.to_s + letter + alpha_num.to_s\nprint \"Assigning new version: \" + new_version + \"\\n\"\nnew_key = \"<string>#{new_version}</string>\"\n\npart_1 = infoplist[0, start_of_value - '<string>'.length];\npart_2 = new_key \npart_3 = infoplist[end_of_value + \"</string>\".length, infoplist.length - (end_of_value - start_of_value + (new_key.length - 1))]    \n\nnew_info_plist = part_1 + part_2 + part_3\nnew_info_plist\nend\n\ndef find_and_increment_version_number_with_key(key, infoplist)\n\nstart_of_key = infoplist.index(key)\nstart_of_value = infoplist.index(\"<string>\", start_of_key) + \"<string>\".length\nend_of_value = infoplist.index(\"</string>\", start_of_value)\nold_value = infoplist[start_of_value, end_of_value - start_of_value]\n\nprint \"Old version for \" + key + \": \" + old_value + \"\\n\"\nprint old_value.class.to_s + \"\\n\"\nold_value_int = old_value.to_i\nprint old_value_int.class.to_s + \"\\n\"\nif (old_value.index(\"a\") != nil) # alpha\ninfoplist = handle_alpha_beta(old_value, \"a\", infoplist, start_of_value, end_of_value)\nelsif (old_value.index(\"b\") != nil) # beta\ninfoplist = handle_alpha_beta(old_value, \"b\", infoplist, start_of_value, end_of_value)\nelsif (old_value.index(\".\") != nil) # release dot version\nparts = old_value.split(\".\")\nlast_part = parts.last.to_i\nlast_part = last_part + 1\nparts.delete(parts.last)\n\nnew_version = \"\"\nfirst = true\nparts.each do |one_part|\nif (first)\nfirst = false\nelse\nnew_version = new_version + \".\"\nend\nnew_version = new_version + one_part\nend\nnew_version = new_version.to_s + \".\" + last_part.to_s\nprint \"New version: \" + new_version.to_s + \"\\n\"\nnew_key = \"<string>#{new_version}</string>\"\ninfoplist = \"#{infoplist[0, start_of_value - '<string>'.length]}#{new_key}#{infoplist[end_of_value + '</string>'.length, infoplist.length - (end_of_value+1)]}\"\nelsif (old_value.to_i != nil) # straight integer build number\nnew_version = old_value.to_i + 1\nprint \"New version: \" + new_version.to_s + \"\\n\"\nnew_key = \"<string>#{new_version}</string>\"\n\npart_1 = infoplist[0, start_of_value - '<string>'.length]\npart_2 = new_key\npart_3 = infoplist[end_of_value + \"</string>\".length, infoplist.length - (end_of_value+1)]\ninfoplist = part_1 + part_2 + part_3\nend \ninfoplist\nend\n\n\n\nconfig = ENV['CONFIGURATION'].upcase\nconfig_build_dir = ENV['CONFIGURATION_BUILD_DIR']\n\narchive_action = false\nif (config_build_dir.include?(\"ArchiveIntermediates\"))\narchive_action = true\nend\n\nprint \"Archive: \" + archive_action.to_s + \"\\n\"\n\n\nprint config\n\nif (config == \"RELEASE\" || config == \"DISTRIBUTION\" || config == \"TEST FLIGHT\")\nprint \" incrementing build numbers\\n\"\nproject_dir = ENV['PROJECT_DIR']\ninfoplist_file = ENV['INFOPLIST_FILE']\nplist_filename = \"#{project_dir}/#{infoplist_file}\"\n\ninfoplist = get_file_as_string(plist_filename)\ninfoplist = find_and_increment_version_number_with_key(\"CFBundleVersion\", infoplist)\nif (archive_action && config == \"RELEASE\")\nprint \" incrementing version\\n\"\ninfoplist = find_and_increment_version_number_with_key(\"CFBundleShortVersionString\", infoplist)\nend\nFile.open(plist_filename, 'w') {|f| f.write(infoplist) }\nelse\nprint \" not incrementing build numbers\"\nend\n";
		};
/* End PBXShellScriptBuildPhase section */

/* Begin PBXSourcesBuildPhase section */
		1D60588E0D05DD3D006BFB54 /* Sources */ = {
			isa = PBXSourcesBuildPhase;
			buildActionMask = 2147483647;
			files = (
				1D60589B0D05DD56006BFB54 /* main.m in Sources */,
				1D3623260D0F684500981E51 /* Doing_TimeAppDelegate.m in Sources */,
				289233AE0DB2D0DB0083E9F9 /* MainViewController.m in Sources */,
				289233B00DB2D0DB0083E9F9 /* FlipsideViewController.m in Sources */,
				48110EC212C9804C00948558 /* PieChartView.m in Sources */,
				4870279D12D80B3000E90108 /* NSDate+Additions.m in Sources */,
				48924A1B131D67DA002AC7F5 /* EventSettingsViewController.m in Sources */,
				48E61CDF131E9E210077DA8E /* EventViewController.m in Sources */,
				48ADE0C41343B51E005E96EB /* Constants.m in Sources */,
				485BAB5113498E31005EE6BE /* AppStoreDelegate.m in Sources */,
				4828129F135CA5C3003704EC /* AboutViewController.m in Sources */,
				48AEFA91153C31890064ED0D /* TFLoggingManager.m in Sources */,
				485BD59D16B14DC300424CC8 /* TodaySettingViewController.m in Sources */,
			);
			runOnlyForDeploymentPostprocessing = 0;
		};
/* End PBXSourcesBuildPhase section */

/* Begin PBXVariantGroup section */
		485BD59A16B14BF500424CC8 /* TodaySettingsView.xib */ = {
			isa = PBXVariantGroup;
			children = (
				485BD59916B14BF500424CC8 /* en */,
			);
			name = TodaySettingsView.xib;
			sourceTree = "<group>";
		};
		487E29FE137D906B0004761D /* AboutView.xib */ = {
			isa = PBXVariantGroup;
			children = (
				4828129D135CA5C3003704EC /* AboutView.xib */,
			);
			name = AboutView.xib;
			sourceTree = "<group>";
		};
		48CE82B31350CAC600D94BA6 /* EventView.xib */ = {
			isa = PBXVariantGroup;
			children = (
				48E61CDD131E9E210077DA8E /* English */,
			);
			name = EventView.xib;
			sourceTree = "<group>";
		};
		48CE82B51350CAC600D94BA6 /* MainWindow.xib */ = {
			isa = PBXVariantGroup;
			children = (
				280E754C0DD40C5E005A515E /* English */,
			);
			name = MainWindow.xib;
			sourceTree = "<group>";
		};
		48CE82BB1350CAC700D94BA6 /* EventSettingsView.xib */ = {
			isa = PBXVariantGroup;
			children = (
				48924A19131D67DA002AC7F5 /* English */,
			);
			name = EventSettingsView.xib;
			sourceTree = "<group>";
		};
		48CE82BD1350CAC700D94BA6 /* FlipsideView.xib */ = {
			isa = PBXVariantGroup;
			children = (
				280E754A0DD40C5E005A515E /* English */,
			);
			name = FlipsideView.xib;
			sourceTree = "<group>";
		};
		48CE82BF1350CAC700D94BA6 /* MainView.xib */ = {
			isa = PBXVariantGroup;
			children = (
				280E754B0DD40C5E005A515E /* English */,
			);
			name = MainView.xib;
			sourceTree = "<group>";
		};
		48CE82E71350D37B00D94BA6 /* Localizable.strings */ = {
			isa = PBXVariantGroup;
			children = (
				48CE82C11350CB7E00D94BA6 /* Localizable.strings */,
			);
			name = Localizable.strings;
			sourceTree = "<group>";
		};
/* End PBXVariantGroup section */

/* Begin XCBuildConfiguration section */
		1D6058940D05DD3E006BFB54 /* Debug */ = {
			isa = XCBuildConfiguration;
			buildSettings = {
				ALTERNATE_MODE = "";
				ALWAYS_SEARCH_USER_PATHS = NO;
				ARCHS = "$(ARCHS_STANDARD_32_BIT)";
				CLANG_ENABLE_OBJC_ARC = YES;
				CLANG_WARN_OBJCPP_ARC_ABI = YES;
				CODE_SIGN_IDENTITY = "iPhone Developer";
				CODE_SIGN_RESOURCE_RULES_PATH = "";
				COPY_PHASE_STRIP = NO;
				GCC_DYNAMIC_NO_PIC = NO;
				GCC_OPTIMIZATION_LEVEL = 0;
				GCC_PRECOMPILE_PREFIX_HEADER = YES;
				GCC_PREFIX_HEADER = Doing_Time_Prefix.pch;
				GCC_THUMB_SUPPORT = NO;
				INFOPLIST_FILE = "Doing_Time-Info.plist";
				IPHONEOS_DEPLOYMENT_TARGET = 5.1;
				LIBRARY_SEARCH_PATHS = (
					"$(inherited)",
					"\"$(SRCROOT)/TestFlightSDK\"",
				);
				PRODUCT_NAME = "Doing Time";
				PROVISIONING_PROFILE = "";
				SDKROOT = iphoneos;
				TARGETED_DEVICE_FAMILY = 1;
			};
			name = Debug;
		};
		1D6058950D05DD3E006BFB54 /* Release */ = {
			isa = XCBuildConfiguration;
			buildSettings = {
				ALTERNATE_MODE = "";
				ALWAYS_SEARCH_USER_PATHS = NO;
				ARCHS = "$(ARCHS_STANDARD_32_BIT)";
				CLANG_ENABLE_OBJC_ARC = YES;
				CLANG_WARN_OBJCPP_ARC_ABI = YES;
				CODE_SIGN_IDENTITY = "iPhone Developer";
				CODE_SIGN_RESOURCE_RULES_PATH = "";
				COPY_PHASE_STRIP = YES;
				GCC_PRECOMPILE_PREFIX_HEADER = YES;
				GCC_PREFIX_HEADER = Doing_Time_Prefix.pch;
				GCC_THUMB_SUPPORT = NO;
				INFOPLIST_FILE = "Doing_Time-Info.plist";
				IPHONEOS_DEPLOYMENT_TARGET = 5.1;
				LIBRARY_SEARCH_PATHS = (
					"$(inherited)",
					"\"$(SRCROOT)/TestFlightSDK\"",
				);
				PRODUCT_NAME = "Doing Time";
				PROVISIONING_PROFILE = "";
				SDKROOT = iphoneos;
				TARGETED_DEVICE_FAMILY = 1;
				VALIDATE_PRODUCT = YES;
			};
			name = Release;
		};
		48785A6A14B22B19008186A7 /* Test Flight */ = {
			isa = XCBuildConfiguration;
			buildSettings = {
				ARCHS = "$(ARCHS_STANDARD_32_BIT)";
				CODE_SIGN_IDENTITY = "";
				"CODE_SIGN_IDENTITY[sdk=iphoneos*]" = "iPhone Distribution";
				GCC_C_LANGUAGE_STANDARD = c99;
				GCC_WARN_ABOUT_RETURN_TYPE = YES;
				GCC_WARN_UNUSED_VARIABLE = YES;
				IPHONEOS_DEPLOYMENT_TARGET = 5.1;
				OTHER_CFLAGS = "-DNS_BLOCK_ASSERTIONS=1";
				"PROVISIONING_PROFILE[sdk=iphoneos*]" = "";
				RUN_CLANG_STATIC_ANALYZER = YES;
				SDKROOT = iphoneos;
			};
			name = "Test Flight";
		};
		48785A6B14B22B19008186A7 /* Test Flight */ = {
			isa = XCBuildConfiguration;
			buildSettings = {
				ALTERNATE_MODE = "";
				ALWAYS_SEARCH_USER_PATHS = NO;
				ARCHS = "$(ARCHS_STANDARD_32_BIT)";
				CLANG_ENABLE_OBJC_ARC = YES;
				CLANG_WARN_OBJCPP_ARC_ABI = YES;
				CODE_SIGN_IDENTITY = "iPhone Distribution";
				CODE_SIGN_RESOURCE_RULES_PATH = "";
				COPY_PHASE_STRIP = YES;
				GCC_PRECOMPILE_PREFIX_HEADER = YES;
				GCC_PREFIX_HEADER = Doing_Time_Prefix.pch;
				GCC_THUMB_SUPPORT = NO;
				INFOPLIST_FILE = "Doing_Time-Info.plist";
				IPHONEOS_DEPLOYMENT_TARGET = 5.1;
				LIBRARY_SEARCH_PATHS = (
					"$(inherited)",
					"\"$(SRCROOT)/TestFlightSDK\"",
				);
				PRODUCT_NAME = "Doing Time";
				PROVISIONING_PROFILE = "";
				SDKROOT = iphoneos;
				TARGETED_DEVICE_FAMILY = 1;
				VALIDATE_PRODUCT = YES;
			};
			name = "Test Flight";
		};
		4886B87112F2223A0095E9C4 /* Distribution */ = {
			isa = XCBuildConfiguration;
			buildSettings = {
				ARCHS = "$(ARCHS_STANDARD_32_BIT)";
				CODE_SIGN_IDENTITY = "iPhone Distribution";
				GCC_C_LANGUAGE_STANDARD = c99;
				GCC_WARN_ABOUT_RETURN_TYPE = YES;
				GCC_WARN_UNUSED_VARIABLE = YES;
				IPHONEOS_DEPLOYMENT_TARGET = 5.1;
				OTHER_CFLAGS = "-DNS_BLOCK_ASSERTIONS=1";
				PROVISIONING_PROFILE = "";
				RUN_CLANG_STATIC_ANALYZER = YES;
				SDKROOT = iphoneos;
			};
			name = Distribution;
		};
		4886B87212F2223A0095E9C4 /* Distribution */ = {
			isa = XCBuildConfiguration;
			buildSettings = {
				ALTERNATE_MODE = "";
				ALWAYS_SEARCH_USER_PATHS = NO;
				ARCHS = "$(ARCHS_STANDARD_32_BIT)";
				CLANG_ENABLE_OBJC_ARC = YES;
				CLANG_WARN_OBJCPP_ARC_ABI = YES;
				CODE_SIGN_IDENTITY = "iPhone Distribution";
				"CODE_SIGN_IDENTITY[sdk=iphoneos*]" = "iPhone Distribution";
				CODE_SIGN_RESOURCE_RULES_PATH = "";
				COPY_PHASE_STRIP = YES;
				GCC_PRECOMPILE_PREFIX_HEADER = YES;
				GCC_PREFIX_HEADER = Doing_Time_Prefix.pch;
				GCC_PREPROCESSOR_DEFINITIONS = DISTRIBUTION;
				GCC_THUMB_SUPPORT = NO;
				INFOPLIST_FILE = "Doing_Time-Info.plist";
				IPHONEOS_DEPLOYMENT_TARGET = 5.1;
				LIBRARY_SEARCH_PATHS = (
					"$(inherited)",
					"\"$(SRCROOT)/TestFlightSDK\"",
				);
				PRODUCT_NAME = "Doing Time";
				PROVISIONING_PROFILE = "";
				"PROVISIONING_PROFILE[sdk=iphoneos*]" = "";
				SDKROOT = iphoneos;
				TARGETED_DEVICE_FAMILY = 1;
				VALIDATE_PRODUCT = YES;
			};
			name = Distribution;
		};
		C01FCF4F08A954540054247B /* Debug */ = {
			isa = XCBuildConfiguration;
			buildSettings = {
				ARCHS = "$(ARCHS_STANDARD_32_BIT)";
				GCC_C_LANGUAGE_STANDARD = c99;
				GCC_WARN_ABOUT_RETURN_TYPE = YES;
				GCC_WARN_UNUSED_VARIABLE = YES;
				IPHONEOS_DEPLOYMENT_TARGET = 5.1;
				RUN_CLANG_STATIC_ANALYZER = YES;
				SDKROOT = iphoneos;
			};
			name = Debug;
		};
		C01FCF5008A954540054247B /* Release */ = {
			isa = XCBuildConfiguration;
			buildSettings = {
				ARCHS = "$(ARCHS_STANDARD_32_BIT)";
				"CODE_SIGN_IDENTITY[sdk=iphoneos*]" = "iPhone Distribution";
				GCC_C_LANGUAGE_STANDARD = c99;
				GCC_WARN_ABOUT_RETURN_TYPE = YES;
				GCC_WARN_UNUSED_VARIABLE = YES;
				IPHONEOS_DEPLOYMENT_TARGET = 5.1;
				OTHER_CFLAGS = "-DNS_BLOCK_ASSERTIONS=1";
				"PROVISIONING_PROFILE[sdk=iphoneos*]" = "";
				RUN_CLANG_STATIC_ANALYZER = YES;
				SDKROOT = iphoneos;
			};
			name = Release;
		};
/* End XCBuildConfiguration section */

/* Begin XCConfigurationList section */
		1D6058960D05DD3E006BFB54 /* Build configuration list for PBXNativeTarget "Doing Time" */ = {
			isa = XCConfigurationList;
			buildConfigurations = (
				1D6058940D05DD3E006BFB54 /* Debug */,
				1D6058950D05DD3E006BFB54 /* Release */,
				48785A6B14B22B19008186A7 /* Test Flight */,
				4886B87212F2223A0095E9C4 /* Distribution */,
			);
			defaultConfigurationIsVisible = 0;
			defaultConfigurationName = Release;
		};
		C01FCF4E08A954540054247B /* Build configuration list for PBXProject "Doing Time" */ = {
			isa = XCConfigurationList;
			buildConfigurations = (
				C01FCF4F08A954540054247B /* Debug */,
				C01FCF5008A954540054247B /* Release */,
				48785A6A14B22B19008186A7 /* Test Flight */,
				4886B87112F2223A0095E9C4 /* Distribution */,
			);
			defaultConfigurationIsVisible = 0;
			defaultConfigurationName = Release;
		};
/* End XCConfigurationList section */
	};
	rootObject = 29B97313FDCFA39411CA2CEA /* Project object */;
}
