// !$*UTF8*$!
{
	archiveVersion = 1;
	classes = {
	};
	objectVersion = 46;
	objects = {

/* Begin PBXBuildFile section */
		1D3623260D0F684500981E51 /* Doing_TimeAppDelegate.m in Sources */ = {isa = PBXBuildFile; fileRef = 1D3623250D0F684500981E51 /* Doing_TimeAppDelegate.m */; };
		1D60589B0D05DD56006BFB54 /* main.m in Sources */ = {isa = PBXBuildFile; fileRef = 29B97316FDCFA39411CA2CEA /* main.m */; };
		289233AE0DB2D0DB0083E9F9 /* MainViewController.m in Sources */ = {isa = PBXBuildFile; fileRef = 289233A90DB2D0DB0083E9F9 /* MainViewController.m */; };
		48110EC212C9804C00948558 /* PieChartView.m in Sources */ = {isa = PBXBuildFile; fileRef = 48110EC112C9804C00948558 /* PieChartView.m */; };
		4816E5D91847746A0070E4AD /* SettingsViewController.m in Sources */ = {isa = PBXBuildFile; fileRef = 4816E5D81847746A0070E4AD /* SettingsViewController.m */; };
		4828129F135CA5C3003704EC /* AboutViewController.m in Sources */ = {isa = PBXBuildFile; fileRef = 4828129C135CA5C3003704EC /* AboutViewController.m */; };
		4848C4691853DBF000EB4C89 /* ATSDragToReorderTableViewController.m in Sources */ = {isa = PBXBuildFile; fileRef = 4848C4681853DBF000EB4C89 /* ATSDragToReorderTableViewController.m */; };
		485BAB5113498E31005EE6BE /* AppStoreDelegate.m in Sources */ = {isa = PBXBuildFile; fileRef = 485BAB4F13498E31005EE6BE /* AppStoreDelegate.m */; };
		485BD59D16B14DC300424CC8 /* TodaySettingsViewController.m in Sources */ = {isa = PBXBuildFile; fileRef = 485BD59C16B14DC300424CC8 /* TodaySettingsViewController.m */; };
		48676E521842322900194D54 /* EventViewCell.m in Sources */ = {isa = PBXBuildFile; fileRef = 48676E511842322900194D54 /* EventViewCell.m */; };
		48676E5F1845865800194D54 /* Main.storyboard in Resources */ = {isa = PBXBuildFile; fileRef = 48676E611845865800194D54 /* Main.storyboard */; };
		4870279D12D80B3000E90108 /* NSDate+Additions.m in Sources */ = {isa = PBXBuildFile; fileRef = 4870279B12D80B3000E90108 /* NSDate+Additions.m */; };
		48924A1B131D67DA002AC7F5 /* EventSettingsViewController.m in Sources */ = {isa = PBXBuildFile; fileRef = 48924A18131D67DA002AC7F5 /* EventSettingsViewController.m */; };
		48964F39181F36100019B5B0 /* ColorSelectionView.m in Sources */ = {isa = PBXBuildFile; fileRef = 48964F38181F36100019B5B0 /* ColorSelectionView.m */; };
		48ADE0C41343B51E005E96EB /* Constants.m in Sources */ = {isa = PBXBuildFile; fileRef = 48ADE0C31343B51E005E96EB /* Constants.m */; };
		48AF93B618520C4300A8EFAF /* EventsListViewController.m in Sources */ = {isa = PBXBuildFile; fileRef = 48AF93B518520C4300A8EFAF /* EventsListViewController.m */; };
		48AF93B9185229F300A8EFAF /* ListFooterCell.m in Sources */ = {isa = PBXBuildFile; fileRef = 48AF93B8185229F300A8EFAF /* ListFooterCell.m */; };
		48B3BFC318D4CCB500C4E315 /* RSSelectionLayer.m in Sources */ = {isa = PBXBuildFile; fileRef = 48B3BFC218D4CCB500C4E315 /* RSSelectionLayer.m */; };
		48B3BFC718D4D37300C4E315 /* RSColorPickerState.m in Sources */ = {isa = PBXBuildFile; fileRef = 48B3BFC618D4D37300C4E315 /* RSColorPickerState.m */; };
		48C288C2184B54F000A648E2 /* Icons.xcassets in Resources */ = {isa = PBXBuildFile; fileRef = 48C288C1184B54F000A648E2 /* Icons.xcassets */; };
		48CE82B41350CAC600D94BA6 /* EventView.xib in Resources */ = {isa = PBXBuildFile; fileRef = 48CE82B31350CAC600D94BA6 /* EventView.xib */; };
		48CE82E81350D37B00D94BA6 /* Localizable.strings in Resources */ = {isa = PBXBuildFile; fileRef = 48CE82E71350D37B00D94BA6 /* Localizable.strings */; };
		48E56461181C5D250064AE1C /* ANImageBitmapRep.m in Sources */ = {isa = PBXBuildFile; fileRef = 48E56439181C5D250064AE1C /* ANImageBitmapRep.m */; };
		48E56462181C5D250064AE1C /* BitmapContextRep.m in Sources */ = {isa = PBXBuildFile; fileRef = 48E5643B181C5D250064AE1C /* BitmapContextRep.m */; };
		48E56463181C5D250064AE1C /* NSImage+ANImageBitmapRep.m in Sources */ = {isa = PBXBuildFile; fileRef = 48E5643E181C5D250064AE1C /* NSImage+ANImageBitmapRep.m */; };
		48E56464181C5D250064AE1C /* OSCommonImage.m in Sources */ = {isa = PBXBuildFile; fileRef = 48E56440181C5D250064AE1C /* OSCommonImage.m */; };
		48E56465181C5D250064AE1C /* UIImage+ANImageBitmapRep.m in Sources */ = {isa = PBXBuildFile; fileRef = 48E56442181C5D250064AE1C /* UIImage+ANImageBitmapRep.m */; };
		48E56466181C5D250064AE1C /* CGContextCreator.m in Sources */ = {isa = PBXBuildFile; fileRef = 48E56445181C5D250064AE1C /* CGContextCreator.m */; };
		48E56467181C5D250064AE1C /* CGImageContainer.m in Sources */ = {isa = PBXBuildFile; fileRef = 48E56447181C5D250064AE1C /* CGImageContainer.m */; };
		48E56468181C5D250064AE1C /* BitmapContextManipulator.m in Sources */ = {isa = PBXBuildFile; fileRef = 48E5644A181C5D250064AE1C /* BitmapContextManipulator.m */; };
		48E56469181C5D250064AE1C /* BitmapCropManipulator.m in Sources */ = {isa = PBXBuildFile; fileRef = 48E5644C181C5D250064AE1C /* BitmapCropManipulator.m */; };
		48E5646A181C5D250064AE1C /* BitmapDrawManipulator.m in Sources */ = {isa = PBXBuildFile; fileRef = 48E5644E181C5D250064AE1C /* BitmapDrawManipulator.m */; };
		48E5646B181C5D250064AE1C /* BitmapRotationManipulator.m in Sources */ = {isa = PBXBuildFile; fileRef = 48E56450181C5D250064AE1C /* BitmapRotationManipulator.m */; };
		48E5646C181C5D250064AE1C /* BitmapScaleManipulator.m in Sources */ = {isa = PBXBuildFile; fileRef = 48E56452181C5D250064AE1C /* BitmapScaleManipulator.m */; };
		48E5646D181C5D250064AE1C /* BGRSLoupeLayer.m in Sources */ = {isa = PBXBuildFile; fileRef = 48E56454181C5D250064AE1C /* BGRSLoupeLayer.m */; };
		48E5646E181C5D250064AE1C /* RSBrightnessSlider.m in Sources */ = {isa = PBXBuildFile; fileRef = 48E56456181C5D250064AE1C /* RSBrightnessSlider.m */; };
		48E5646F181C5D250064AE1C /* RSColorFunctions.m in Sources */ = {isa = PBXBuildFile; fileRef = 48E56458181C5D250064AE1C /* RSColorFunctions.m */; };
		48E56470181C5D250064AE1C /* RSColorPickerView.m in Sources */ = {isa = PBXBuildFile; fileRef = 48E5645A181C5D250064AE1C /* RSColorPickerView.m */; };
		48E56471181C5D250064AE1C /* RSGenerateOperation.m in Sources */ = {isa = PBXBuildFile; fileRef = 48E5645C181C5D250064AE1C /* RSGenerateOperation.m */; };
		48E56472181C5D250064AE1C /* RSOpacitySlider.m in Sources */ = {isa = PBXBuildFile; fileRef = 48E5645E181C5D250064AE1C /* RSOpacitySlider.m */; };
		48E5647E181C5F330064AE1C /* ColorPickerViewController.m in Sources */ = {isa = PBXBuildFile; fileRef = 48E5647C181C5F320064AE1C /* ColorPickerViewController.m */; };
		48E61CDF131E9E210077DA8E /* EventViewController.m in Sources */ = {isa = PBXBuildFile; fileRef = 48E61CDC131E9E210077DA8E /* EventViewController.m */; };
/* End PBXBuildFile section */

/* Begin PBXFileReference section */
		1D3623240D0F684500981E51 /* Doing_TimeAppDelegate.h */ = {isa = PBXFileReference; fileEncoding = 4; lastKnownFileType = sourcecode.c.h; path = Doing_TimeAppDelegate.h; sourceTree = "<group>"; };
		1D3623250D0F684500981E51 /* Doing_TimeAppDelegate.m */ = {isa = PBXFileReference; fileEncoding = 4; lastKnownFileType = sourcecode.c.objc; path = Doing_TimeAppDelegate.m; sourceTree = "<group>"; };
		1D6058910D05DD3D006BFB54 /* Doing Time.app */ = {isa = PBXFileReference; explicitFileType = wrapper.application; includeInIndex = 0; path = "Doing Time.app"; sourceTree = BUILT_PRODUCTS_DIR; };
		289233A80DB2D0DB0083E9F9 /* MainViewController.h */ = {isa = PBXFileReference; fileEncoding = 4; lastKnownFileType = sourcecode.c.h; name = MainViewController.h; path = Classes/MainViewController.h; sourceTree = "<group>"; };
		289233A90DB2D0DB0083E9F9 /* MainViewController.m */ = {isa = PBXFileReference; fileEncoding = 4; lastKnownFileType = sourcecode.c.objc; name = MainViewController.m; path = Classes/MainViewController.m; sourceTree = "<group>"; };
		29B97316FDCFA39411CA2CEA /* main.m */ = {isa = PBXFileReference; fileEncoding = 4; lastKnownFileType = sourcecode.c.objc; path = main.m; sourceTree = "<group>"; };
		32CA4F630368D1EE00C91783 /* Doing_Time_Prefix.pch */ = {isa = PBXFileReference; fileEncoding = 4; lastKnownFileType = sourcecode.c.h; path = Doing_Time_Prefix.pch; sourceTree = "<group>"; };
		48110EC112C9804C00948558 /* PieChartView.m */ = {isa = PBXFileReference; fileEncoding = 4; lastKnownFileType = sourcecode.c.objc; name = PieChartView.m; path = Classes/PieChartView.m; sourceTree = "<group>"; };
		4816E5D71847746A0070E4AD /* SettingsViewController.h */ = {isa = PBXFileReference; fileEncoding = 4; lastKnownFileType = sourcecode.c.h; name = SettingsViewController.h; path = Classes/SettingsViewController.h; sourceTree = "<group>"; };
		4816E5D81847746A0070E4AD /* SettingsViewController.m */ = {isa = PBXFileReference; fileEncoding = 4; lastKnownFileType = sourcecode.c.objc; name = SettingsViewController.m; path = Classes/SettingsViewController.m; sourceTree = "<group>"; };
		4828129B135CA5C3003704EC /* AboutViewController.h */ = {isa = PBXFileReference; fileEncoding = 4; lastKnownFileType = sourcecode.objj.h; name = AboutViewController.h; path = Classes/AboutViewController.h; sourceTree = "<group>"; };
		4828129C135CA5C3003704EC /* AboutViewController.m */ = {isa = PBXFileReference; fileEncoding = 4; lastKnownFileType = sourcecode.c.objc; name = AboutViewController.m; path = Classes/AboutViewController.m; sourceTree = "<group>"; };
		4838E59812D0984B007AC0D8 /* PieChartView.h */ = {isa = PBXFileReference; fileEncoding = 4; lastKnownFileType = sourcecode.objj.h; name = PieChartView.h; path = Classes/PieChartView.h; sourceTree = "<group>"; };
		4848C4671853DBF000EB4C89 /* ATSDragToReorderTableViewController.h */ = {isa = PBXFileReference; fileEncoding = 4; lastKnownFileType = sourcecode.c.h; name = ATSDragToReorderTableViewController.h; path = ReorderingTableViewController/ATSDragToReorderTableViewController.h; sourceTree = "<group>"; };
		4848C4681853DBF000EB4C89 /* ATSDragToReorderTableViewController.m */ = {isa = PBXFileReference; fileEncoding = 4; lastKnownFileType = sourcecode.c.objc; name = ATSDragToReorderTableViewController.m; path = ReorderingTableViewController/ATSDragToReorderTableViewController.m; sourceTree = "<group>"; };
		485BAB4E13498E31005EE6BE /* AppStoreDelegate.h */ = {isa = PBXFileReference; fileEncoding = 4; lastKnownFileType = sourcecode.objj.h; path = AppStoreDelegate.h; sourceTree = "<group>"; };
		485BAB4F13498E31005EE6BE /* AppStoreDelegate.m */ = {isa = PBXFileReference; fileEncoding = 4; lastKnownFileType = sourcecode.c.objc; path = AppStoreDelegate.m; sourceTree = "<group>"; };
		485BD59B16B14DC300424CC8 /* TodaySettingsViewController.h */ = {isa = PBXFileReference; fileEncoding = 4; lastKnownFileType = sourcecode.c.h; name = TodaySettingsViewController.h; path = Classes/TodaySettingsViewController.h; sourceTree = "<group>"; };
		485BD59C16B14DC300424CC8 /* TodaySettingsViewController.m */ = {isa = PBXFileReference; fileEncoding = 4; lastKnownFileType = sourcecode.c.objc; name = TodaySettingsViewController.m; path = Classes/TodaySettingsViewController.m; sourceTree = "<group>"; };
		48676E501842322900194D54 /* EventViewCell.h */ = {isa = PBXFileReference; fileEncoding = 4; lastKnownFileType = sourcecode.c.h; name = EventViewCell.h; path = Classes/EventViewCell.h; sourceTree = "<group>"; };
		48676E511842322900194D54 /* EventViewCell.m */ = {isa = PBXFileReference; fileEncoding = 4; lastKnownFileType = sourcecode.c.objc; name = EventViewCell.m; path = Classes/EventViewCell.m; sourceTree = "<group>"; };
		4870279A12D80B3000E90108 /* NSDate+Additions.h */ = {isa = PBXFileReference; fileEncoding = 4; lastKnownFileType = sourcecode.objj.h; name = "NSDate+Additions.h"; path = "Classes/NSDate+Additions.h"; sourceTree = "<group>"; };
		4870279B12D80B3000E90108 /* NSDate+Additions.m */ = {isa = PBXFileReference; fileEncoding = 4; lastKnownFileType = sourcecode.c.objc; name = "NSDate+Additions.m"; path = "Classes/NSDate+Additions.m"; sourceTree = "<group>"; };
		48924A17131D67DA002AC7F5 /* EventSettingsViewController.h */ = {isa = PBXFileReference; fileEncoding = 4; lastKnownFileType = sourcecode.objj.h; name = EventSettingsViewController.h; path = Classes/EventSettingsViewController.h; sourceTree = "<group>"; };
		48924A18131D67DA002AC7F5 /* EventSettingsViewController.m */ = {isa = PBXFileReference; fileEncoding = 4; lastKnownFileType = sourcecode.c.objc; name = EventSettingsViewController.m; path = Classes/EventSettingsViewController.m; sourceTree = "<group>"; };
		48964F37181F36100019B5B0 /* RSSelectionLayer.h */ = {isa = PBXFileReference; fileEncoding = 4; lastKnownFileType = sourcecode.c.h; path = RSSelectionLayer.h; sourceTree = "<group>"; };
		48964F38181F36100019B5B0 /* ColorSelectionView.m */ = {isa = PBXFileReference; fileEncoding = 4; lastKnownFileType = sourcecode.c.objc; name = ColorSelectionView.m; path = Classes/ColorSelectionView.m; sourceTree = "<group>"; };
		48ADE0C31343B51E005E96EB /* Constants.m */ = {isa = PBXFileReference; fileEncoding = 4; lastKnownFileType = sourcecode.c.objc; path = Constants.m; sourceTree = "<group>"; };
		48AF93B418520C4300A8EFAF /* EventsListViewController.h */ = {isa = PBXFileReference; fileEncoding = 4; lastKnownFileType = sourcecode.c.h; name = EventsListViewController.h; path = Classes/EventsListViewController.h; sourceTree = "<group>"; };
		48AF93B518520C4300A8EFAF /* EventsListViewController.m */ = {isa = PBXFileReference; fileEncoding = 4; lastKnownFileType = sourcecode.c.objc; name = EventsListViewController.m; path = Classes/EventsListViewController.m; sourceTree = "<group>"; };
		48AF93B7185229F300A8EFAF /* ListFooterCell.h */ = {isa = PBXFileReference; fileEncoding = 4; lastKnownFileType = sourcecode.c.h; name = ListFooterCell.h; path = Classes/ListFooterCell.h; sourceTree = "<group>"; };
		48AF93B8185229F300A8EFAF /* ListFooterCell.m */ = {isa = PBXFileReference; fileEncoding = 4; lastKnownFileType = sourcecode.c.objc; name = ListFooterCell.m; path = Classes/ListFooterCell.m; sourceTree = "<group>"; };
		48B3BFC218D4CCB500C4E315 /* RSSelectionLayer.m */ = {isa = PBXFileReference; fileEncoding = 4; lastKnownFileType = sourcecode.c.objc; path = RSSelectionLayer.m; sourceTree = "<group>"; };
		48B3BFC418D4CD6900C4E315 /* ColorSelectionView.h */ = {isa = PBXFileReference; fileEncoding = 4; lastKnownFileType = sourcecode.c.h; name = ColorSelectionView.h; path = Classes/ColorSelectionView.h; sourceTree = "<group>"; };
		48B3BFC518D4D37300C4E315 /* RSColorPickerState.h */ = {isa = PBXFileReference; fileEncoding = 4; lastKnownFileType = sourcecode.c.h; path = RSColorPickerState.h; sourceTree = "<group>"; };
		48B3BFC618D4D37300C4E315 /* RSColorPickerState.m */ = {isa = PBXFileReference; fileEncoding = 4; lastKnownFileType = sourcecode.c.objc; path = RSColorPickerState.m; sourceTree = "<group>"; };
		48C288C1184B54F000A648E2 /* Icons.xcassets */ = {isa = PBXFileReference; lastKnownFileType = folder.assetcatalog; path = Icons.xcassets; sourceTree = "<group>"; };
		48C6F271255FEE0C005D72AE /* Base */ = {isa = PBXFileReference; lastKnownFileType = file.xib; name = Base; path = Base.lproj/EventView.xib; sourceTree = "<group>"; };
		48C6F272255FEE0C005D72AE /* Base */ = {isa = PBXFileReference; lastKnownFileType = file.storyboard; name = Base; path = Base.lproj/Main.storyboard; sourceTree = "<group>"; };
		48CE82C11350CB7E00D94BA6 /* Localizable.strings */ = {isa = PBXFileReference; fileEncoding = 10; lastKnownFileType = text.plist.strings; name = Localizable.strings; path = en.lproj/Localizable.strings; sourceTree = "<group>"; };
		48D477681322B647003256D5 /* Constants.h */ = {isa = PBXFileReference; fileEncoding = 4; lastKnownFileType = sourcecode.objj.h; path = Constants.h; sourceTree = "<group>"; };
		48E56438181C5D250064AE1C /* ANImageBitmapRep.h */ = {isa = PBXFileReference; fileEncoding = 4; lastKnownFileType = sourcecode.c.h; path = ANImageBitmapRep.h; sourceTree = "<group>"; };
		48E56439181C5D250064AE1C /* ANImageBitmapRep.m */ = {isa = PBXFileReference; fileEncoding = 4; lastKnownFileType = sourcecode.c.objc; path = ANImageBitmapRep.m; sourceTree = "<group>"; };
		48E5643A181C5D250064AE1C /* BitmapContextRep.h */ = {isa = PBXFileReference; fileEncoding = 4; lastKnownFileType = sourcecode.c.h; path = BitmapContextRep.h; sourceTree = "<group>"; };
		48E5643B181C5D250064AE1C /* BitmapContextRep.m */ = {isa = PBXFileReference; fileEncoding = 4; lastKnownFileType = sourcecode.c.objc; path = BitmapContextRep.m; sourceTree = "<group>"; };
		48E5643D181C5D250064AE1C /* NSImage+ANImageBitmapRep.h */ = {isa = PBXFileReference; fileEncoding = 4; lastKnownFileType = sourcecode.c.h; path = "NSImage+ANImageBitmapRep.h"; sourceTree = "<group>"; };
		48E5643E181C5D250064AE1C /* NSImage+ANImageBitmapRep.m */ = {isa = PBXFileReference; fileEncoding = 4; lastKnownFileType = sourcecode.c.objc; path = "NSImage+ANImageBitmapRep.m"; sourceTree = "<group>"; };
		48E5643F181C5D250064AE1C /* OSCommonImage.h */ = {isa = PBXFileReference; fileEncoding = 4; lastKnownFileType = sourcecode.c.h; path = OSCommonImage.h; sourceTree = "<group>"; };
		48E56440181C5D250064AE1C /* OSCommonImage.m */ = {isa = PBXFileReference; fileEncoding = 4; lastKnownFileType = sourcecode.c.objc; path = OSCommonImage.m; sourceTree = "<group>"; };
		48E56441181C5D250064AE1C /* UIImage+ANImageBitmapRep.h */ = {isa = PBXFileReference; fileEncoding = 4; lastKnownFileType = sourcecode.c.h; path = "UIImage+ANImageBitmapRep.h"; sourceTree = "<group>"; };
		48E56442181C5D250064AE1C /* UIImage+ANImageBitmapRep.m */ = {isa = PBXFileReference; fileEncoding = 4; lastKnownFileType = sourcecode.c.objc; path = "UIImage+ANImageBitmapRep.m"; sourceTree = "<group>"; };
		48E56444181C5D250064AE1C /* CGContextCreator.h */ = {isa = PBXFileReference; fileEncoding = 4; lastKnownFileType = sourcecode.c.h; path = CGContextCreator.h; sourceTree = "<group>"; };
		48E56445181C5D250064AE1C /* CGContextCreator.m */ = {isa = PBXFileReference; fileEncoding = 4; lastKnownFileType = sourcecode.c.objc; path = CGContextCreator.m; sourceTree = "<group>"; };
		48E56446181C5D250064AE1C /* CGImageContainer.h */ = {isa = PBXFileReference; fileEncoding = 4; lastKnownFileType = sourcecode.c.h; path = CGImageContainer.h; sourceTree = "<group>"; };
		48E56447181C5D250064AE1C /* CGImageContainer.m */ = {isa = PBXFileReference; fileEncoding = 4; lastKnownFileType = sourcecode.c.objc; path = CGImageContainer.m; sourceTree = "<group>"; };
		48E56449181C5D250064AE1C /* BitmapContextManipulator.h */ = {isa = PBXFileReference; fileEncoding = 4; lastKnownFileType = sourcecode.c.h; path = BitmapContextManipulator.h; sourceTree = "<group>"; };
		48E5644A181C5D250064AE1C /* BitmapContextManipulator.m */ = {isa = PBXFileReference; fileEncoding = 4; lastKnownFileType = sourcecode.c.objc; path = BitmapContextManipulator.m; sourceTree = "<group>"; };
		48E5644B181C5D250064AE1C /* BitmapCropManipulator.h */ = {isa = PBXFileReference; fileEncoding = 4; lastKnownFileType = sourcecode.c.h; path = BitmapCropManipulator.h; sourceTree = "<group>"; };
		48E5644C181C5D250064AE1C /* BitmapCropManipulator.m */ = {isa = PBXFileReference; fileEncoding = 4; lastKnownFileType = sourcecode.c.objc; path = BitmapCropManipulator.m; sourceTree = "<group>"; };
		48E5644D181C5D250064AE1C /* BitmapDrawManipulator.h */ = {isa = PBXFileReference; fileEncoding = 4; lastKnownFileType = sourcecode.c.h; path = BitmapDrawManipulator.h; sourceTree = "<group>"; };
		48E5644E181C5D250064AE1C /* BitmapDrawManipulator.m */ = {isa = PBXFileReference; fileEncoding = 4; lastKnownFileType = sourcecode.c.objc; path = BitmapDrawManipulator.m; sourceTree = "<group>"; };
		48E5644F181C5D250064AE1C /* BitmapRotationManipulator.h */ = {isa = PBXFileReference; fileEncoding = 4; lastKnownFileType = sourcecode.c.h; path = BitmapRotationManipulator.h; sourceTree = "<group>"; };
		48E56450181C5D250064AE1C /* BitmapRotationManipulator.m */ = {isa = PBXFileReference; fileEncoding = 4; lastKnownFileType = sourcecode.c.objc; path = BitmapRotationManipulator.m; sourceTree = "<group>"; };
		48E56451181C5D250064AE1C /* BitmapScaleManipulator.h */ = {isa = PBXFileReference; fileEncoding = 4; lastKnownFileType = sourcecode.c.h; path = BitmapScaleManipulator.h; sourceTree = "<group>"; };
		48E56452181C5D250064AE1C /* BitmapScaleManipulator.m */ = {isa = PBXFileReference; fileEncoding = 4; lastKnownFileType = sourcecode.c.objc; path = BitmapScaleManipulator.m; sourceTree = "<group>"; };
		48E56453181C5D250064AE1C /* BGRSLoupeLayer.h */ = {isa = PBXFileReference; fileEncoding = 4; lastKnownFileType = sourcecode.c.h; path = BGRSLoupeLayer.h; sourceTree = "<group>"; };
		48E56454181C5D250064AE1C /* BGRSLoupeLayer.m */ = {isa = PBXFileReference; fileEncoding = 4; lastKnownFileType = sourcecode.c.objc; path = BGRSLoupeLayer.m; sourceTree = "<group>"; };
		48E56455181C5D250064AE1C /* RSBrightnessSlider.h */ = {isa = PBXFileReference; fileEncoding = 4; lastKnownFileType = sourcecode.c.h; name = RSBrightnessSlider.h; path = ../RSBrightnessSlider.h; sourceTree = "<group>"; };
		48E56456181C5D250064AE1C /* RSBrightnessSlider.m */ = {isa = PBXFileReference; fileEncoding = 4; lastKnownFileType = sourcecode.c.objc; name = RSBrightnessSlider.m; path = ../RSBrightnessSlider.m; sourceTree = "<group>"; };
		48E56457181C5D250064AE1C /* RSColorFunctions.h */ = {isa = PBXFileReference; fileEncoding = 4; lastKnownFileType = sourcecode.c.h; path = RSColorFunctions.h; sourceTree = "<group>"; };
		48E56458181C5D250064AE1C /* RSColorFunctions.m */ = {isa = PBXFileReference; fileEncoding = 4; lastKnownFileType = sourcecode.c.objc; path = RSColorFunctions.m; sourceTree = "<group>"; };
		48E56459181C5D250064AE1C /* RSColorPickerView.h */ = {isa = PBXFileReference; fileEncoding = 4; lastKnownFileType = sourcecode.c.h; path = RSColorPickerView.h; sourceTree = "<group>"; };
		48E5645A181C5D250064AE1C /* RSColorPickerView.m */ = {isa = PBXFileReference; fileEncoding = 4; lastKnownFileType = sourcecode.c.objc; path = RSColorPickerView.m; sourceTree = "<group>"; };
		48E5645B181C5D250064AE1C /* RSGenerateOperation.h */ = {isa = PBXFileReference; fileEncoding = 4; lastKnownFileType = sourcecode.c.h; path = RSGenerateOperation.h; sourceTree = "<group>"; };
		48E5645C181C5D250064AE1C /* RSGenerateOperation.m */ = {isa = PBXFileReference; fileEncoding = 4; lastKnownFileType = sourcecode.c.objc; path = RSGenerateOperation.m; sourceTree = "<group>"; };
		48E5645D181C5D250064AE1C /* RSOpacitySlider.h */ = {isa = PBXFileReference; fileEncoding = 4; lastKnownFileType = sourcecode.c.h; name = RSOpacitySlider.h; path = ../RSOpacitySlider.h; sourceTree = "<group>"; };
		48E5645E181C5D250064AE1C /* RSOpacitySlider.m */ = {isa = PBXFileReference; fileEncoding = 4; lastKnownFileType = sourcecode.c.objc; name = RSOpacitySlider.m; path = ../RSOpacitySlider.m; sourceTree = "<group>"; };
		48E5647B181C5F320064AE1C /* ColorPickerViewController.h */ = {isa = PBXFileReference; fileEncoding = 4; lastKnownFileType = sourcecode.c.h; name = ColorPickerViewController.h; path = Classes/ColorPickerViewController.h; sourceTree = "<group>"; };
		48E5647C181C5F320064AE1C /* ColorPickerViewController.m */ = {isa = PBXFileReference; fileEncoding = 4; lastKnownFileType = sourcecode.c.objc; name = ColorPickerViewController.m; path = Classes/ColorPickerViewController.m; sourceTree = "<group>"; };
		48E61CDB131E9E210077DA8E /* EventViewController.h */ = {isa = PBXFileReference; fileEncoding = 4; lastKnownFileType = sourcecode.objj.h; name = EventViewController.h; path = Classes/EventViewController.h; sourceTree = "<group>"; };
		48E61CDC131E9E210077DA8E /* EventViewController.m */ = {isa = PBXFileReference; fileEncoding = 4; lastKnownFileType = sourcecode.c.objc; name = EventViewController.m; path = Classes/EventViewController.m; sourceTree = "<group>"; };
		8D1107310486CEB800E47090 /* Doing_Time-Info.plist */ = {isa = PBXFileReference; fileEncoding = 4; lastKnownFileType = text.plist.xml; path = "Doing_Time-Info.plist"; plistStructureDefinitionIdentifier = "com.apple.xcode.plist.structure-definition.iphone.info-plist"; sourceTree = "<group>"; };
/* End PBXFileReference section */

/* Begin PBXFrameworksBuildPhase section */
		1D60588F0D05DD3D006BFB54 /* Frameworks */ = {
			isa = PBXFrameworksBuildPhase;
			buildActionMask = 2147483647;
			files = (
			);
			runOnlyForDeploymentPostprocessing = 0;
		};
/* End PBXFrameworksBuildPhase section */

/* Begin PBXGroup section */
		080E96DDFE201D6D7F000001 /* Application Delegate */ = {
			isa = PBXGroup;
			children = (
				1D3623240D0F684500981E51 /* Doing_TimeAppDelegate.h */,
				1D3623250D0F684500981E51 /* Doing_TimeAppDelegate.m */,
			);
			name = "Application Delegate";
			path = Classes;
			sourceTree = "<group>";
		};
		19C28FACFE9D520D11CA2CBB /* Products */ = {
			isa = PBXGroup;
			children = (
				1D6058910D05DD3D006BFB54 /* Doing Time.app */,
			);
			name = Products;
			sourceTree = "<group>";
		};
		281C6CD70DB2D82200F60ACC /* Event Settings Views */ = {
			isa = PBXGroup;
			children = (
				48924A17131D67DA002AC7F5 /* EventSettingsViewController.h */,
				48924A18131D67DA002AC7F5 /* EventSettingsViewController.m */,
				485BD59B16B14DC300424CC8 /* TodaySettingsViewController.h */,
				485BD59C16B14DC300424CC8 /* TodaySettingsViewController.m */,
				48E5647B181C5F320064AE1C /* ColorPickerViewController.h */,
				48E5647C181C5F320064AE1C /* ColorPickerViewController.m */,
				48B3BFC418D4CD6900C4E315 /* ColorSelectionView.h */,
				48964F38181F36100019B5B0 /* ColorSelectionView.m */,
			);
			name = "Event Settings Views";
			sourceTree = "<group>";
		};
		289233A00DB2D0730083E9F9 /* Main View */ = {
			isa = PBXGroup;
			children = (
				48E61CDB131E9E210077DA8E /* EventViewController.h */,
				48E61CDC131E9E210077DA8E /* EventViewController.m */,
				289233A80DB2D0DB0083E9F9 /* MainViewController.h */,
				289233A90DB2D0DB0083E9F9 /* MainViewController.m */,
				4838E59812D0984B007AC0D8 /* PieChartView.h */,
				48110EC112C9804C00948558 /* PieChartView.m */,
			);
			name = "Main View";
			sourceTree = "<group>";
		};
		29B97314FDCFA39411CA2CEA /* CustomTemplate */ = {
			isa = PBXGroup;
			children = (
				4816E5D6184772EC0070E4AD /* Settings Views */,
				289233A00DB2D0730083E9F9 /* Main View */,
				48676E4F184231E800194D54 /* List View */,
				281C6CD70DB2D82200F60ACC /* Event Settings Views */,
				485BAB4B13498E02005EE6BE /* Supporting Classes */,
				080E96DDFE201D6D7F000001 /* Application Delegate */,
				29B97315FDCFA39411CA2CEA /* Other Sources */,
				29B97317FDCFA39411CA2CEA /* Resources */,
				29B97323FDCFA39411CA2CEA /* Frameworks */,
				19C28FACFE9D520D11CA2CBB /* Products */,
			);
			name = CustomTemplate;
			sourceTree = "<group>";
		};
		29B97315FDCFA39411CA2CEA /* Other Sources */ = {
			isa = PBXGroup;
			children = (
				4848C46A1853DC0100EB4C89 /* ReorderingTableViewController */,
				48E56436181C5D250064AE1C /* RSColorPicker */,
				4870279A12D80B3000E90108 /* NSDate+Additions.h */,
				4870279B12D80B3000E90108 /* NSDate+Additions.m */,
				32CA4F630368D1EE00C91783 /* Doing_Time_Prefix.pch */,
				29B97316FDCFA39411CA2CEA /* main.m */,
				48D477681322B647003256D5 /* Constants.h */,
				48ADE0C31343B51E005E96EB /* Constants.m */,
			);
			name = "Other Sources";
			sourceTree = "<group>";
		};
		29B97317FDCFA39411CA2CEA /* Resources */ = {
			isa = PBXGroup;
			children = (
				48C288C1184B54F000A648E2 /* Icons.xcassets */,
				48CE82B31350CAC600D94BA6 /* EventView.xib */,
				48676E611845865800194D54 /* Main.storyboard */,
				8D1107310486CEB800E47090 /* Doing_Time-Info.plist */,
				48CE82E71350D37B00D94BA6 /* Localizable.strings */,
			);
			name = Resources;
			sourceTree = "<group>";
		};
		29B97323FDCFA39411CA2CEA /* Frameworks */ = {
			isa = PBXGroup;
			children = (
			);
			name = Frameworks;
			sourceTree = "<group>";
		};
		4816E5D6184772EC0070E4AD /* Settings Views */ = {
			isa = PBXGroup;
			children = (
				4828129B135CA5C3003704EC /* AboutViewController.h */,
				4828129C135CA5C3003704EC /* AboutViewController.m */,
				4816E5D71847746A0070E4AD /* SettingsViewController.h */,
				4816E5D81847746A0070E4AD /* SettingsViewController.m */,
			);
			name = "Settings Views";
			sourceTree = "<group>";
		};
		4848C46A1853DC0100EB4C89 /* ReorderingTableViewController */ = {
			isa = PBXGroup;
			children = (
				4848C4671853DBF000EB4C89 /* ATSDragToReorderTableViewController.h */,
				4848C4681853DBF000EB4C89 /* ATSDragToReorderTableViewController.m */,
			);
			name = ReorderingTableViewController;
			sourceTree = "<group>";
		};
		485BAB4B13498E02005EE6BE /* Supporting Classes */ = {
			isa = PBXGroup;
			children = (
				485BAB4E13498E31005EE6BE /* AppStoreDelegate.h */,
				485BAB4F13498E31005EE6BE /* AppStoreDelegate.m */,
			);
			name = "Supporting Classes";
			sourceTree = "<group>";
		};
		48676E4F184231E800194D54 /* List View */ = {
			isa = PBXGroup;
			children = (
				48AF93B418520C4300A8EFAF /* EventsListViewController.h */,
				48AF93B518520C4300A8EFAF /* EventsListViewController.m */,
				48676E501842322900194D54 /* EventViewCell.h */,
				48676E511842322900194D54 /* EventViewCell.m */,
				48AF93B7185229F300A8EFAF /* ListFooterCell.h */,
				48AF93B8185229F300A8EFAF /* ListFooterCell.m */,
			);
			name = "List View";
			sourceTree = "<group>";
		};
		48E56436181C5D250064AE1C /* RSColorPicker */ = {
			isa = PBXGroup;
			children = (
				48E56437181C5D250064AE1C /* ANImageBitmapRep */,
				48B3BFC518D4D37300C4E315 /* RSColorPickerState.h */,
				48B3BFC618D4D37300C4E315 /* RSColorPickerState.m */,
				48E56453181C5D250064AE1C /* BGRSLoupeLayer.h */,
				48E56454181C5D250064AE1C /* BGRSLoupeLayer.m */,
				48E56455181C5D250064AE1C /* RSBrightnessSlider.h */,
				48E56456181C5D250064AE1C /* RSBrightnessSlider.m */,
				48E56457181C5D250064AE1C /* RSColorFunctions.h */,
				48E56458181C5D250064AE1C /* RSColorFunctions.m */,
				48E56459181C5D250064AE1C /* RSColorPickerView.h */,
				48E5645A181C5D250064AE1C /* RSColorPickerView.m */,
				48E5645B181C5D250064AE1C /* RSGenerateOperation.h */,
				48E5645C181C5D250064AE1C /* RSGenerateOperation.m */,
				48E5645D181C5D250064AE1C /* RSOpacitySlider.h */,
				48E5645E181C5D250064AE1C /* RSOpacitySlider.m */,
				48964F37181F36100019B5B0 /* RSSelectionLayer.h */,
				48B3BFC218D4CCB500C4E315 /* RSSelectionLayer.m */,
			);
			name = RSColorPicker;
			path = RSColorPicker/RSColorPicker/ColorPickerClasses;
			sourceTree = "<group>";
		};
		48E56437181C5D250064AE1C /* ANImageBitmapRep */ = {
			isa = PBXGroup;
			children = (
				48E56438181C5D250064AE1C /* ANImageBitmapRep.h */,
				48E56439181C5D250064AE1C /* ANImageBitmapRep.m */,
				48E5643A181C5D250064AE1C /* BitmapContextRep.h */,
				48E5643B181C5D250064AE1C /* BitmapContextRep.m */,
				48E5643C181C5D250064AE1C /* Compatibility */,
				48E56443181C5D250064AE1C /* CoreGraphics */,
				48E56448181C5D250064AE1C /* Manipulators */,
			);
			path = ANImageBitmapRep;
			sourceTree = "<group>";
		};
		48E5643C181C5D250064AE1C /* Compatibility */ = {
			isa = PBXGroup;
			children = (
				48E5643D181C5D250064AE1C /* NSImage+ANImageBitmapRep.h */,
				48E5643E181C5D250064AE1C /* NSImage+ANImageBitmapRep.m */,
				48E5643F181C5D250064AE1C /* OSCommonImage.h */,
				48E56440181C5D250064AE1C /* OSCommonImage.m */,
				48E56441181C5D250064AE1C /* UIImage+ANImageBitmapRep.h */,
				48E56442181C5D250064AE1C /* UIImage+ANImageBitmapRep.m */,
			);
			path = Compatibility;
			sourceTree = "<group>";
		};
		48E56443181C5D250064AE1C /* CoreGraphics */ = {
			isa = PBXGroup;
			children = (
				48E56444181C5D250064AE1C /* CGContextCreator.h */,
				48E56445181C5D250064AE1C /* CGContextCreator.m */,
				48E56446181C5D250064AE1C /* CGImageContainer.h */,
				48E56447181C5D250064AE1C /* CGImageContainer.m */,
			);
			path = CoreGraphics;
			sourceTree = "<group>";
		};
		48E56448181C5D250064AE1C /* Manipulators */ = {
			isa = PBXGroup;
			children = (
				48E56449181C5D250064AE1C /* BitmapContextManipulator.h */,
				48E5644A181C5D250064AE1C /* BitmapContextManipulator.m */,
				48E5644B181C5D250064AE1C /* BitmapCropManipulator.h */,
				48E5644C181C5D250064AE1C /* BitmapCropManipulator.m */,
				48E5644D181C5D250064AE1C /* BitmapDrawManipulator.h */,
				48E5644E181C5D250064AE1C /* BitmapDrawManipulator.m */,
				48E5644F181C5D250064AE1C /* BitmapRotationManipulator.h */,
				48E56450181C5D250064AE1C /* BitmapRotationManipulator.m */,
				48E56451181C5D250064AE1C /* BitmapScaleManipulator.h */,
				48E56452181C5D250064AE1C /* BitmapScaleManipulator.m */,
			);
			path = Manipulators;
			sourceTree = "<group>";
		};
/* End PBXGroup section */

/* Begin PBXNativeTarget section */
		1D6058900D05DD3D006BFB54 /* Doing Time */ = {
			isa = PBXNativeTarget;
			buildConfigurationList = 1D6058960D05DD3E006BFB54 /* Build configuration list for PBXNativeTarget "Doing Time" */;
			buildPhases = (
				48785A6914B229AC008186A7 /* ShellScript */,
				1D60588D0D05DD3D006BFB54 /* Resources */,
				1D60588E0D05DD3D006BFB54 /* Sources */,
				1D60588F0D05DD3D006BFB54 /* Frameworks */,
			);
			buildRules = (
			);
			dependencies = (
			);
			name = "Doing Time";
			productName = "Doing Time";
			productReference = 1D6058910D05DD3D006BFB54 /* Doing Time.app */;
			productType = "com.apple.product-type.application";
		};
/* End PBXNativeTarget section */

/* Begin PBXProject section */
		29B97313FDCFA39411CA2CEA /* Project object */ = {
			isa = PBXProject;
			attributes = {
				LastUpgradeCheck = 1220;
				TargetAttributes = {
					1D6058900D05DD3D006BFB54 = {
						DevelopmentTeam = K2672N7845;
					};
				};
			};
			buildConfigurationList = C01FCF4E08A954540054247B /* Build configuration list for PBXProject "Doing Time" */;
			compatibilityVersion = "Xcode 3.2";
			developmentRegion = en;
			hasScannedForEncodings = 1;
			knownRegions = (
				en,
				ja,
				fr,
				Base,
				de,
			);
			mainGroup = 29B97314FDCFA39411CA2CEA /* CustomTemplate */;
			projectDirPath = "";
			projectRoot = "";
			targets = (
				1D6058900D05DD3D006BFB54 /* Doing Time */,
			);
		};
/* End PBXProject section */

/* Begin PBXResourcesBuildPhase section */
		1D60588D0D05DD3D006BFB54 /* Resources */ = {
			isa = PBXResourcesBuildPhase;
			buildActionMask = 2147483647;
			files = (
				48C288C2184B54F000A648E2 /* Icons.xcassets in Resources */,
				48CE82B41350CAC600D94BA6 /* EventView.xib in Resources */,
				48CE82E81350D37B00D94BA6 /* Localizable.strings in Resources */,
				48676E5F1845865800194D54 /* Main.storyboard in Resources */,
			);
			runOnlyForDeploymentPostprocessing = 0;
		};
/* End PBXResourcesBuildPhase section */

/* Begin PBXShellScriptBuildPhase section */
		48785A6914B229AC008186A7 /* ShellScript */ = {
			isa = PBXShellScriptBuildPhase;
			buildActionMask = 2147483647;
			files = (
			);
			inputPaths = (
			);
			outputPaths = (
			);
			runOnlyForDeploymentPostprocessing = 0;
			shellPath = /usr/bin/ruby;
			shellScript = "#!/usr/bin/ruby\n\ndef get_file_as_string(filename)\ndata = ''\nf = File.open(filename, \"r\") \nf.each_line do |line|\ndata += line\nend\nreturn data\nend\n\n\ndef handle_alpha_beta(old_value, letter, infoplist, start_of_value, end_of_value)\nparts = old_value.split(letter)\nversion_num = parts[0]\nalpha_num = parts[1].to_i\n\nalpha_num = alpha_num + 1\nnew_version = version_num.to_s + letter + alpha_num.to_s\nprint \"Assigning new version: \" + new_version + \"\\n\"\nnew_key = \"<string>#{new_version}</string>\"\n\npart_1 = infoplist[0, start_of_value - '<string>'.length];\npart_2 = new_key \npart_3 = infoplist[end_of_value + \"</string>\".length, infoplist.length - (end_of_value - start_of_value + (new_key.length - 1))]    \n\nnew_info_plist = part_1 + part_2 + part_3\nnew_info_plist\nend\n\ndef find_and_increment_version_number_with_key(key, infoplist)\n\nstart_of_key = infoplist.index(key)\nstart_of_value = infoplist.index(\"<string>\", start_of_key) + \"<string>\".length\nend_of_value = infoplist.index(\"</string>\", start_of_value)\nold_value = infoplist[start_of_value, end_of_value - start_of_value]\n\nprint \"Old version for \" + key + \": \" + old_value + \"\\n\"\nprint old_value.class.to_s + \"\\n\"\nold_value_int = old_value.to_i\nprint old_value_int.class.to_s + \"\\n\"\nif (old_value.index(\"a\") != nil) # alpha\ninfoplist = handle_alpha_beta(old_value, \"a\", infoplist, start_of_value, end_of_value)\nelsif (old_value.index(\"b\") != nil) # beta\ninfoplist = handle_alpha_beta(old_value, \"b\", infoplist, start_of_value, end_of_value)\nelsif (old_value.index(\".\") != nil) # release dot version\nparts = old_value.split(\".\")\nlast_part = parts.last.to_i\nlast_part = last_part + 1\nparts.delete(parts.last)\n\nnew_version = \"\"\nfirst = true\nparts.each do |one_part|\nif (first)\nfirst = false\nelse\nnew_version = new_version + \".\"\nend\nnew_version = new_version + one_part\nend\nnew_version = new_version.to_s + \".\" + last_part.to_s\nprint \"New version: \" + new_version.to_s + \"\\n\"\nnew_key = \"<string>#{new_version}</string>\"\ninfoplist = \"#{infoplist[0, start_of_value - '<string>'.length]}#{new_key}#{infoplist[end_of_value + '</string>'.length, infoplist.length - (end_of_value+1)]}\"\nelsif (old_value.to_i != nil) # straight integer build number\nnew_version = old_value.to_i + 1\nprint \"New version: \" + new_version.to_s + \"\\n\"\nnew_key = \"<string>#{new_version}</string>\"\n\npart_1 = infoplist[0, start_of_value - '<string>'.length]\npart_2 = new_key\npart_3 = infoplist[end_of_value + \"</string>\".length, infoplist.length - (end_of_value+1)]\ninfoplist = part_1 + part_2 + part_3\nend \ninfoplist\nend\n\n\n\nconfig = ENV['CONFIGURATION'].upcase\nconfig_build_dir = ENV['CONFIGURATION_BUILD_DIR']\n\narchive_action = false\nif (config_build_dir.include?(\"ArchiveIntermediates\"))\narchive_action = true\nend\n\nprint \"Archive: \" + archive_action.to_s + \"\\n\"\n\n\nprint config\n\nif (config == \"RELEASE\" || config == \"DISTRIBUTION\" || config == \"TEST FLIGHT\")\nprint \" incrementing build numbers\\n\"\nproject_dir = ENV['PROJECT_DIR']\ninfoplist_file = ENV['INFOPLIST_FILE']\nplist_filename = \"#{project_dir}/#{infoplist_file}\"\n\ninfoplist = get_file_as_string(plist_filename)\ninfoplist = find_and_increment_version_number_with_key(\"CFBundleVersion\", infoplist)\nif (archive_action && config == \"RELEASE\")\nprint \" incrementing version\\n\"\ninfoplist = find_and_increment_version_number_with_key(\"CFBundleShortVersionString\", infoplist)\nend\nFile.open(plist_filename, 'w') {|f| f.write(infoplist) }\nelse\nprint \" not incrementing build numbers\"\nend\n";
		};
/* End PBXShellScriptBuildPhase section */

/* Begin PBXSourcesBuildPhase section */
		1D60588E0D05DD3D006BFB54 /* Sources */ = {
			isa = PBXSourcesBuildPhase;
			buildActionMask = 2147483647;
			files = (
				1D60589B0D05DD56006BFB54 /* main.m in Sources */,
				48E56462181C5D250064AE1C /* BitmapContextRep.m in Sources */,
				48E56472181C5D250064AE1C /* RSOpacitySlider.m in Sources */,
				1D3623260D0F684500981E51 /* Doing_TimeAppDelegate.m in Sources */,
				289233AE0DB2D0DB0083E9F9 /* MainViewController.m in Sources */,
				48E56464181C5D250064AE1C /* OSCommonImage.m in Sources */,
				48110EC212C9804C00948558 /* PieChartView.m in Sources */,
				4848C4691853DBF000EB4C89 /* ATSDragToReorderTableViewController.m in Sources */,
				48E5646D181C5D250064AE1C /* BGRSLoupeLayer.m in Sources */,
				4870279D12D80B3000E90108 /* NSDate+Additions.m in Sources */,
				48924A1B131D67DA002AC7F5 /* EventSettingsViewController.m in Sources */,
				48E56468181C5D250064AE1C /* BitmapContextManipulator.m in Sources */,
				4816E5D91847746A0070E4AD /* SettingsViewController.m in Sources */,
				48E61CDF131E9E210077DA8E /* EventViewController.m in Sources */,
				48ADE0C41343B51E005E96EB /* Constants.m in Sources */,
				48E56466181C5D250064AE1C /* CGContextCreator.m in Sources */,
				485BAB5113498E31005EE6BE /* AppStoreDelegate.m in Sources */,
				4828129F135CA5C3003704EC /* AboutViewController.m in Sources */,
				48E5646E181C5D250064AE1C /* RSBrightnessSlider.m in Sources */,
				48E56471181C5D250064AE1C /* RSGenerateOperation.m in Sources */,
				48AF93B618520C4300A8EFAF /* EventsListViewController.m in Sources */,
				48E56469181C5D250064AE1C /* BitmapCropManipulator.m in Sources */,
				48AF93B9185229F300A8EFAF /* ListFooterCell.m in Sources */,
				48B3BFC318D4CCB500C4E315 /* RSSelectionLayer.m in Sources */,
				48676E521842322900194D54 /* EventViewCell.m in Sources */,
				48E56461181C5D250064AE1C /* ANImageBitmapRep.m in Sources */,
				485BD59D16B14DC300424CC8 /* TodaySettingsViewController.m in Sources */,
				48E56467181C5D250064AE1C /* CGImageContainer.m in Sources */,
				48B3BFC718D4D37300C4E315 /* RSColorPickerState.m in Sources */,
				48E5646F181C5D250064AE1C /* RSColorFunctions.m in Sources */,
				48E56463181C5D250064AE1C /* NSImage+ANImageBitmapRep.m in Sources */,
				48964F39181F36100019B5B0 /* ColorSelectionView.m in Sources */,
				48E5647E181C5F330064AE1C /* ColorPickerViewController.m in Sources */,
				48E5646A181C5D250064AE1C /* BitmapDrawManipulator.m in Sources */,
				48E56465181C5D250064AE1C /* UIImage+ANImageBitmapRep.m in Sources */,
				48E5646C181C5D250064AE1C /* BitmapScaleManipulator.m in Sources */,
				48E5646B181C5D250064AE1C /* BitmapRotationManipulator.m in Sources */,
				48E56470181C5D250064AE1C /* RSColorPickerView.m in Sources */,
			);
			runOnlyForDeploymentPostprocessing = 0;
		};
/* End PBXSourcesBuildPhase section */

/* Begin PBXVariantGroup section */
		48676E611845865800194D54 /* Main.storyboard */ = {
			isa = PBXVariantGroup;
			children = (
				48C6F272255FEE0C005D72AE /* Base */,
			);
			name = Main.storyboard;
			sourceTree = "<group>";
		};
		48CE82B31350CAC600D94BA6 /* EventView.xib */ = {
			isa = PBXVariantGroup;
			children = (
				48C6F271255FEE0C005D72AE /* Base */,
			);
			name = EventView.xib;
			sourceTree = "<group>";
		};
		48CE82E71350D37B00D94BA6 /* Localizable.strings */ = {
			isa = PBXVariantGroup;
			children = (
				48CE82C11350CB7E00D94BA6 /* Localizable.strings */,
			);
			name = Localizable.strings;
			sourceTree = "<group>";
		};
/* End PBXVariantGroup section */

/* Begin XCBuildConfiguration section */
		1D6058940D05DD3E006BFB54 /* Debug */ = {
			isa = XCBuildConfiguration;
			buildSettings = {
				ALTERNATE_MODE = "";
				ALWAYS_SEARCH_USER_PATHS = NO;
				ASSETCATALOG_COMPILER_APPICON_NAME = AppIcon;
				ASSETCATALOG_COMPILER_LAUNCHIMAGE_NAME = LaunchImage;
				CLANG_ENABLE_OBJC_ARC = YES;
				CODE_SIGN_IDENTITY = "iPhone Developer";
				CODE_SIGN_RESOURCE_RULES_PATH = "";
				COPY_PHASE_STRIP = NO;
				DEVELOPMENT_TEAM = K2672N7845;
				GCC_DYNAMIC_NO_PIC = NO;
				GCC_OPTIMIZATION_LEVEL = 0;
				GCC_PRECOMPILE_PREFIX_HEADER = YES;
				GCC_PREFIX_HEADER = Doing_Time_Prefix.pch;
				GCC_THUMB_SUPPORT = NO;
				INFOPLIST_FILE = "Doing_Time-Info.plist";
				IPHONEOS_DEPLOYMENT_TARGET = 14.2;
				LIBRARY_SEARCH_PATHS = "$(inherited)";
				PRODUCT_BUNDLE_IDENTIFIER = com.alexandriasoftware.doingtime;
				PRODUCT_NAME = "Doing Time";
				PROVISIONING_PROFILE = "";
				SDKROOT = iphoneos;
				TARGETED_DEVICE_FAMILY = 1;
			};
			name = Debug;
		};
		1D6058950D05DD3E006BFB54 /* Release */ = {
			isa = XCBuildConfiguration;
			buildSettings = {
				ALTERNATE_MODE = "";
				ALWAYS_SEARCH_USER_PATHS = NO;
				ASSETCATALOG_COMPILER_APPICON_NAME = AppIcon;
				ASSETCATALOG_COMPILER_LAUNCHIMAGE_NAME = LaunchImage;
				CLANG_ENABLE_OBJC_ARC = YES;
				CODE_SIGN_IDENTITY = "iPhone Developer";
				CODE_SIGN_RESOURCE_RULES_PATH = "";
				COPY_PHASE_STRIP = YES;
				DEVELOPMENT_TEAM = K2672N7845;
				GCC_PRECOMPILE_PREFIX_HEADER = YES;
				GCC_PREFIX_HEADER = Doing_Time_Prefix.pch;
				GCC_THUMB_SUPPORT = NO;
				INFOPLIST_FILE = "Doing_Time-Info.plist";
				IPHONEOS_DEPLOYMENT_TARGET = 14.2;
				LIBRARY_SEARCH_PATHS = "$(inherited)";
				PRODUCT_BUNDLE_IDENTIFIER = com.alexandriasoftware.doingtime;
				PRODUCT_NAME = "Doing Time";
				PROVISIONING_PROFILE = "";
				SDKROOT = iphoneos;
				TARGETED_DEVICE_FAMILY = 1;
				VALIDATE_PRODUCT = YES;
			};
			name = Release;
		};
		48785A6A14B22B19008186A7 /* Test Flight */ = {
			isa = XCBuildConfiguration;
			buildSettings = {
				CLANG_ANALYZER_LOCALIZABILITY_NONLOCALIZED = YES;
				CLANG_ENABLE_MODULES = YES;
				CLANG_WARN_BLOCK_CAPTURE_AUTORELEASING = YES;
				CLANG_WARN_BOOL_CONVERSION = YES;
				CLANG_WARN_COMMA = YES;
				CLANG_WARN_CONSTANT_CONVERSION = YES;
				CLANG_WARN_DEPRECATED_OBJC_IMPLEMENTATIONS = YES;
				CLANG_WARN_EMPTY_BODY = YES;
				CLANG_WARN_ENUM_CONVERSION = YES;
				CLANG_WARN_INFINITE_RECURSION = YES;
				CLANG_WARN_INT_CONVERSION = YES;
				CLANG_WARN_NON_LITERAL_NULL_CONVERSION = YES;
				CLANG_WARN_OBJC_IMPLICIT_RETAIN_SELF = YES;
				CLANG_WARN_OBJC_LITERAL_CONVERSION = YES;
				CLANG_WARN_QUOTED_INCLUDE_IN_FRAMEWORK_HEADER = YES;
				CLANG_WARN_RANGE_LOOP_ANALYSIS = YES;
				CLANG_WARN_STRICT_PROTOTYPES = YES;
				CLANG_WARN_SUSPICIOUS_MOVE = YES;
				CLANG_WARN_UNREACHABLE_CODE = YES;
				CLANG_WARN__DUPLICATE_METHOD_MATCH = YES;
				CODE_SIGN_IDENTITY = "";
				"CODE_SIGN_IDENTITY[sdk=iphoneos*]" = "iPhone Distribution";
				ENABLE_STRICT_OBJC_MSGSEND = YES;
				GCC_C_LANGUAGE_STANDARD = c99;
				GCC_NO_COMMON_BLOCKS = YES;
				GCC_WARN_64_TO_32_BIT_CONVERSION = YES;
				GCC_WARN_ABOUT_RETURN_TYPE = YES;
				GCC_WARN_UNDECLARED_SELECTOR = YES;
				GCC_WARN_UNINITIALIZED_AUTOS = YES;
				GCC_WARN_UNUSED_FUNCTION = YES;
				GCC_WARN_UNUSED_VARIABLE = YES;
				IPHONEOS_DEPLOYMENT_TARGET = 14.2;
				OTHER_CFLAGS = "-DNS_BLOCK_ASSERTIONS=1";
				"PROVISIONING_PROFILE[sdk=iphoneos*]" = "";
				RUN_CLANG_STATIC_ANALYZER = YES;
				SDKROOT = iphoneos;
			};
			name = "Test Flight";
		};
		48785A6B14B22B19008186A7 /* Test Flight */ = {
			isa = XCBuildConfiguration;
			buildSettings = {
				ALTERNATE_MODE = "";
				ALWAYS_SEARCH_USER_PATHS = NO;
				ASSETCATALOG_COMPILER_APPICON_NAME = AppIcon;
				ASSETCATALOG_COMPILER_LAUNCHIMAGE_NAME = LaunchImage;
				CLANG_ENABLE_OBJC_ARC = YES;
				CODE_SIGN_IDENTITY = "iPhone Developer";
				CODE_SIGN_RESOURCE_RULES_PATH = "";
				COPY_PHASE_STRIP = YES;
				DEVELOPMENT_TEAM = K2672N7845;
				GCC_PRECOMPILE_PREFIX_HEADER = YES;
				GCC_PREFIX_HEADER = Doing_Time_Prefix.pch;
				GCC_THUMB_SUPPORT = NO;
				INFOPLIST_FILE = "Doing_Time-Info.plist";
				IPHONEOS_DEPLOYMENT_TARGET = 14.2;
				LIBRARY_SEARCH_PATHS = "$(inherited)";
				PRODUCT_BUNDLE_IDENTIFIER = com.alexandriasoftware.doingtime;
				PRODUCT_NAME = "Doing Time";
				PROVISIONING_PROFILE = "";
				SDKROOT = iphoneos;
				TARGETED_DEVICE_FAMILY = 1;
				VALIDATE_PRODUCT = YES;
			};
			name = "Test Flight";
		};
		4886B87112F2223A0095E9C4 /* Distribution */ = {
			isa = XCBuildConfiguration;
			buildSettings = {
				CLANG_ANALYZER_LOCALIZABILITY_NONLOCALIZED = YES;
				CLANG_ENABLE_MODULES = YES;
				CLANG_WARN_BLOCK_CAPTURE_AUTORELEASING = YES;
				CLANG_WARN_BOOL_CONVERSION = YES;
				CLANG_WARN_COMMA = YES;
				CLANG_WARN_CONSTANT_CONVERSION = YES;
				CLANG_WARN_DEPRECATED_OBJC_IMPLEMENTATIONS = YES;
				CLANG_WARN_EMPTY_BODY = YES;
				CLANG_WARN_ENUM_CONVERSION = YES;
				CLANG_WARN_INFINITE_RECURSION = YES;
				CLANG_WARN_INT_CONVERSION = YES;
				CLANG_WARN_NON_LITERAL_NULL_CONVERSION = YES;
				CLANG_WARN_OBJC_IMPLICIT_RETAIN_SELF = YES;
				CLANG_WARN_OBJC_LITERAL_CONVERSION = YES;
				CLANG_WARN_QUOTED_INCLUDE_IN_FRAMEWORK_HEADER = YES;
				CLANG_WARN_RANGE_LOOP_ANALYSIS = YES;
				CLANG_WARN_STRICT_PROTOTYPES = YES;
				CLANG_WARN_SUSPICIOUS_MOVE = YES;
				CLANG_WARN_UNREACHABLE_CODE = YES;
				CLANG_WARN__DUPLICATE_METHOD_MATCH = YES;
				CODE_SIGN_IDENTITY = "iPhone Distribution";
				ENABLE_STRICT_OBJC_MSGSEND = YES;
				GCC_C_LANGUAGE_STANDARD = c99;
				GCC_NO_COMMON_BLOCKS = YES;
				GCC_WARN_64_TO_32_BIT_CONVERSION = YES;
				GCC_WARN_ABOUT_RETURN_TYPE = YES;
				GCC_WARN_UNDECLARED_SELECTOR = YES;
				GCC_WARN_UNINITIALIZED_AUTOS = YES;
				GCC_WARN_UNUSED_FUNCTION = YES;
				GCC_WARN_UNUSED_VARIABLE = YES;
				IPHONEOS_DEPLOYMENT_TARGET = 14.2;
				OTHER_CFLAGS = "-DNS_BLOCK_ASSERTIONS=1";
				PROVISIONING_PROFILE = "";
				RUN_CLANG_STATIC_ANALYZER = YES;
				SDKROOT = iphoneos;
			};
			name = Distribution;
		};
		4886B87212F2223A0095E9C4 /* Distribution */ = {
			isa = XCBuildConfiguration;
			buildSettings = {
				ALTERNATE_MODE = "";
				ALWAYS_SEARCH_USER_PATHS = NO;
				ASSETCATALOG_COMPILER_APPICON_NAME = AppIcon;
				ASSETCATALOG_COMPILER_LAUNCHIMAGE_NAME = LaunchImage;
				CLANG_ENABLE_OBJC_ARC = YES;
				CODE_SIGN_IDENTITY = "iPhone Developer";
				"CODE_SIGN_IDENTITY[sdk=iphoneos*]" = "iPhone Distribution";
				CODE_SIGN_RESOURCE_RULES_PATH = "";
				COPY_PHASE_STRIP = YES;
				DEVELOPMENT_TEAM = K2672N7845;
				GCC_PRECOMPILE_PREFIX_HEADER = YES;
				GCC_PREFIX_HEADER = Doing_Time_Prefix.pch;
				GCC_PREPROCESSOR_DEFINITIONS = DISTRIBUTION;
				GCC_THUMB_SUPPORT = NO;
				INFOPLIST_FILE = "Doing_Time-Info.plist";
				IPHONEOS_DEPLOYMENT_TARGET = 14.2;
				LIBRARY_SEARCH_PATHS = "$(inherited)";
				PRODUCT_BUNDLE_IDENTIFIER = com.alexandriasoftware.doingtime;
				PRODUCT_NAME = "Doing Time";
				PROVISIONING_PROFILE = "";
				"PROVISIONING_PROFILE[sdk=iphoneos*]" = "";
				SDKROOT = iphoneos;
				TARGETED_DEVICE_FAMILY = 1;
				VALIDATE_PRODUCT = YES;
			};
			name = Distribution;
		};
		C01FCF4F08A954540054247B /* Debug */ = {
			isa = XCBuildConfiguration;
			buildSettings = {
				CLANG_ANALYZER_LOCALIZABILITY_NONLOCALIZED = YES;
				CLANG_ENABLE_MODULES = YES;
				CLANG_WARN_BLOCK_CAPTURE_AUTORELEASING = YES;
				CLANG_WARN_BOOL_CONVERSION = YES;
				CLANG_WARN_COMMA = YES;
				CLANG_WARN_CONSTANT_CONVERSION = YES;
				CLANG_WARN_DEPRECATED_OBJC_IMPLEMENTATIONS = YES;
				CLANG_WARN_EMPTY_BODY = YES;
				CLANG_WARN_ENUM_CONVERSION = YES;
				CLANG_WARN_INFINITE_RECURSION = YES;
				CLANG_WARN_INT_CONVERSION = YES;
				CLANG_WARN_NON_LITERAL_NULL_CONVERSION = YES;
				CLANG_WARN_OBJC_IMPLICIT_RETAIN_SELF = YES;
				CLANG_WARN_OBJC_LITERAL_CONVERSION = YES;
				CLANG_WARN_QUOTED_INCLUDE_IN_FRAMEWORK_HEADER = YES;
				CLANG_WARN_RANGE_LOOP_ANALYSIS = YES;
				CLANG_WARN_STRICT_PROTOTYPES = YES;
				CLANG_WARN_SUSPICIOUS_MOVE = YES;
				CLANG_WARN_UNREACHABLE_CODE = YES;
				CLANG_WARN__DUPLICATE_METHOD_MATCH = YES;
				ENABLE_STRICT_OBJC_MSGSEND = YES;
				ENABLE_TESTABILITY = YES;
				GCC_C_LANGUAGE_STANDARD = c99;
				GCC_NO_COMMON_BLOCKS = YES;
				GCC_WARN_64_TO_32_BIT_CONVERSION = YES;
				GCC_WARN_ABOUT_RETURN_TYPE = YES;
				GCC_WARN_UNDECLARED_SELECTOR = YES;
				GCC_WARN_UNINITIALIZED_AUTOS = YES;
				GCC_WARN_UNUSED_FUNCTION = YES;
				GCC_WARN_UNUSED_VARIABLE = YES;
				IPHONEOS_DEPLOYMENT_TARGET = 14.2;
				ONLY_ACTIVE_ARCH = YES;
				RUN_CLANG_STATIC_ANALYZER = YES;
				SDKROOT = iphoneos;
			};
			name = Debug;
		};
		C01FCF5008A954540054247B /* Release */ = {
			isa = XCBuildConfiguration;
			buildSettings = {
				CLANG_ANALYZER_LOCALIZABILITY_NONLOCALIZED = YES;
				CLANG_ENABLE_MODULES = YES;
				CLANG_WARN_BLOCK_CAPTURE_AUTORELEASING = YES;
				CLANG_WARN_BOOL_CONVERSION = YES;
				CLANG_WARN_COMMA = YES;
				CLANG_WARN_CONSTANT_CONVERSION = YES;
				CLANG_WARN_DEPRECATED_OBJC_IMPLEMENTATIONS = YES;
				CLANG_WARN_EMPTY_BODY = YES;
				CLANG_WARN_ENUM_CONVERSION = YES;
				CLANG_WARN_INFINITE_RECURSION = YES;
				CLANG_WARN_INT_CONVERSION = YES;
				CLANG_WARN_NON_LITERAL_NULL_CONVERSION = YES;
				CLANG_WARN_OBJC_IMPLICIT_RETAIN_SELF = YES;
				CLANG_WARN_OBJC_LITERAL_CONVERSION = YES;
				CLANG_WARN_QUOTED_INCLUDE_IN_FRAMEWORK_HEADER = YES;
				CLANG_WARN_RANGE_LOOP_ANALYSIS = YES;
				CLANG_WARN_STRICT_PROTOTYPES = YES;
				CLANG_WARN_SUSPICIOUS_MOVE = YES;
				CLANG_WARN_UNREACHABLE_CODE = YES;
				CLANG_WARN__DUPLICATE_METHOD_MATCH = YES;
				"CODE_SIGN_IDENTITY[sdk=iphoneos*]" = "iPhone Distribution";
				ENABLE_STRICT_OBJC_MSGSEND = YES;
				GCC_C_LANGUAGE_STANDARD = c99;
				GCC_NO_COMMON_BLOCKS = YES;
				GCC_WARN_64_TO_32_BIT_CONVERSION = YES;
				GCC_WARN_ABOUT_RETURN_TYPE = YES;
				GCC_WARN_UNDECLARED_SELECTOR = YES;
				GCC_WARN_UNINITIALIZED_AUTOS = YES;
				GCC_WARN_UNUSED_FUNCTION = YES;
				GCC_WARN_UNUSED_VARIABLE = YES;
				IPHONEOS_DEPLOYMENT_TARGET = 14.2;
				OTHER_CFLAGS = "-DNS_BLOCK_ASSERTIONS=1";
				"PROVISIONING_PROFILE[sdk=iphoneos*]" = "";
				RUN_CLANG_STATIC_ANALYZER = YES;
				SDKROOT = iphoneos;
			};
			name = Release;
		};
/* End XCBuildConfiguration section */

/* Begin XCConfigurationList section */
		1D6058960D05DD3E006BFB54 /* Build configuration list for PBXNativeTarget "Doing Time" */ = {
			isa = XCConfigurationList;
			buildConfigurations = (
				1D6058940D05DD3E006BFB54 /* Debug */,
				1D6058950D05DD3E006BFB54 /* Release */,
				48785A6B14B22B19008186A7 /* Test Flight */,
				4886B87212F2223A0095E9C4 /* Distribution */,
			);
			defaultConfigurationIsVisible = 0;
			defaultConfigurationName = Release;
		};
		C01FCF4E08A954540054247B /* Build configuration list for PBXProject "Doing Time" */ = {
			isa = XCConfigurationList;
			buildConfigurations = (
				C01FCF4F08A954540054247B /* Debug */,
				C01FCF5008A954540054247B /* Release */,
				48785A6A14B22B19008186A7 /* Test Flight */,
				4886B87112F2223A0095E9C4 /* Distribution */,
			);
			defaultConfigurationIsVisible = 0;
			defaultConfigurationName = Release;
		};
/* End XCConfigurationList section */
	};
	rootObject = 29B97313FDCFA39411CA2CEA /* Project object */;
}
